// !$*UTF8*$!
{
	archiveVersion = 1;
	classes = {
	};
	objectVersion = 56;
	objects = {

/* Begin PBXBuildFile section */
		0474056C2DF11BAD0047C6C2 /* SignUpView.swift in Sources */ = {isa = PBXBuildFile; fileRef = 0474056B2DF11BAD0047C6C2 /* SignUpView.swift */; };
		04B329192DF939A1002CE2DD /* HomeView.swift in Sources */ = {isa = PBXBuildFile; fileRef = 04B329182DF939A1002CE2DD /* HomeView.swift */; };
		04B3291D2DF94E8D002CE2DD /* FirebaseAuth in Frameworks */ = {isa = PBXBuildFile; productRef = 04B3291C2DF94E8D002CE2DD /* FirebaseAuth */; };
		04B329232DF9E08D002CE2DD /* GoogleSignIn in Frameworks */ = {isa = PBXBuildFile; productRef = 04B329222DF9E08D002CE2DD /* GoogleSignIn */; };
		04B329252DF9E08D002CE2DD /* GoogleSignInSwift in Frameworks */ = {isa = PBXBuildFile; productRef = 04B329242DF9E08D002CE2DD /* GoogleSignInSwift */; };
		04B477852DE3A1A400CC82F8 /* M_commerce_AppApp.swift in Sources */ = {isa = PBXBuildFile; fileRef = 04B477842DE3A1A400CC82F8 /* M_commerce_AppApp.swift */; };
		04B477872DE3A1A500CC82F8 /* ContentView.swift in Sources */ = {isa = PBXBuildFile; fileRef = 04B477862DE3A1A400CC82F8 /* ContentView.swift */; };
		04B477892DE3A1A600CC82F8 /* Assets.xcassets in Resources */ = {isa = PBXBuildFile; fileRef = 04B477882DE3A1A600CC82F8 /* Assets.xcassets */; };
		04B4778C2DE3A1A600CC82F8 /* Preview Assets.xcassets in Resources */ = {isa = PBXBuildFile; fileRef = 04B4778B2DE3A1A600CC82F8 /* Preview Assets.xcassets */; };
		04B4778E2DE3A1A600CC82F8 /* Persistence.swift in Sources */ = {isa = PBXBuildFile; fileRef = 04B4778D2DE3A1A600CC82F8 /* Persistence.swift */; };
		04B477912DE3A1A600CC82F8 /* M_commerce_App.xcdatamodeld in Sources */ = {isa = PBXBuildFile; fileRef = 04B4778F2DE3A1A600CC82F8 /* M_commerce_App.xcdatamodeld */; };
		04B4779B2DE3A1A700CC82F8 /* M_commerce_AppTests.swift in Sources */ = {isa = PBXBuildFile; fileRef = 04B4779A2DE3A1A700CC82F8 /* M_commerce_AppTests.swift */; };
		04B477A52DE3A1A700CC82F8 /* M_commerce_AppUITests.swift in Sources */ = {isa = PBXBuildFile; fileRef = 04B477A42DE3A1A700CC82F8 /* M_commerce_AppUITests.swift */; };
		04B477A72DE3A1A700CC82F8 /* M_commerce_AppUITestsLaunchTests.swift in Sources */ = {isa = PBXBuildFile; fileRef = 04B477A62DE3A1A700CC82F8 /* M_commerce_AppUITestsLaunchTests.swift */; };
		04B5A65B2DF0F8CD0044E0FD /* OnboardingView2.swift in Sources */ = {isa = PBXBuildFile; fileRef = 04B5A65A2DF0F8CD0044E0FD /* OnboardingView2.swift */; };
		04B5A65D2DF0FEDA0044E0FD /* LoginView.swift in Sources */ = {isa = PBXBuildFile; fileRef = 04B5A65C2DF0FEDA0044E0FD /* LoginView.swift */; };
		04C46D5C2DF7840F0077AC37 /* ProductDetailsView.swift in Sources */ = {isa = PBXBuildFile; fileRef = 04C46D5B2DF7840F0077AC37 /* ProductDetailsView.swift */; };
		04D849352DF0CE7E00564625 /* onboard.json in Resources */ = {isa = PBXBuildFile; fileRef = 04D849342DF0CE7E00564625 /* onboard.json */; };
		04D849382DF0CF3400564625 /* Lottie in Frameworks */ = {isa = PBXBuildFile; productRef = 04D849372DF0CF3400564625 /* Lottie */; };
		04D8493D2DF0DCAD00564625 /* OnboardingView.swift in Sources */ = {isa = PBXBuildFile; fileRef = 04D8493C2DF0DCAD00564625 /* OnboardingView.swift */; };
		04D8493F2DF0DCF800564625 /* SplashView.swift in Sources */ = {isa = PBXBuildFile; fileRef = 04D8493E2DF0DCF800564625 /* SplashView.swift */; };
		04D849412DF0DD3B00564625 /* LottieView.swift in Sources */ = {isa = PBXBuildFile; fileRef = 04D849402DF0DD3B00564625 /* LottieView.swift */; };
		221C93C92DF5B4A400AD404A /* CitySelectionButton.swift in Sources */ = {isa = PBXBuildFile; fileRef = 221C93C82DF5B4A400AD404A /* CitySelectionButton.swift */; };
		221C93CB2DF5BCC900AD404A /* CityPicker.swift in Sources */ = {isa = PBXBuildFile; fileRef = 221C93CA2DF5BCC900AD404A /* CityPicker.swift */; };
		221C93CD2DF5BE7500AD404A /* CityPickerModal.swift in Sources */ = {isa = PBXBuildFile; fileRef = 221C93CC2DF5BE7500AD404A /* CityPickerModal.swift */; };
		221C93CF2DF5C02D00AD404A /* CityRow.swift in Sources */ = {isa = PBXBuildFile; fileRef = 221C93CE2DF5C02D00AD404A /* CityRow.swift */; };
		221C93D12DF5C77B00AD404A /* City.swift in Sources */ = {isa = PBXBuildFile; fileRef = 221C93D02DF5C77B00AD404A /* City.swift */; };
		221C93D32DF5C98300AD404A /* SettingsNetworkManager.swift in Sources */ = {isa = PBXBuildFile; fileRef = 221C93D22DF5C98300AD404A /* SettingsNetworkManager.swift */; };
		221C93D52DF5CB5600AD404A /* SettingsViewModel.swift in Sources */ = {isa = PBXBuildFile; fileRef = 221C93D42DF5CB5600AD404A /* SettingsViewModel.swift */; };
		221C93DC2DF5F16A00AD404A /* UserDefaultsKeys.swift in Sources */ = {isa = PBXBuildFile; fileRef = 221C93DB2DF5F16A00AD404A /* UserDefaultsKeys.swift */; };
		221C93DE2DF5F4F400AD404A /* UserIfon.swift in Sources */ = {isa = PBXBuildFile; fileRef = 221C93DD2DF5F4F400AD404A /* UserIfon.swift */; };
		225DD6D72DFC8B69002681B3 /* GoogleService-Info.plist in Resources */ = {isa = PBXBuildFile; fileRef = 225DD6D62DFC8B69002681B3 /* GoogleService-Info.plist */; };
		225DD6D92DFC8C4D002681B3 /* FloatingTabBar.swift in Sources */ = {isa = PBXBuildFile; fileRef = 225DD6D82DFC8C4D002681B3 /* FloatingTabBar.swift */; };
		225DD6DB2DFC8CFE002681B3 /* ImgCouponView.swift in Sources */ = {isa = PBXBuildFile; fileRef = 225DD6DA2DFC8CFE002681B3 /* ImgCouponView.swift */; };
		225DD6DD2DFC8DB6002681B3 /* ToolBar.swift in Sources */ = {isa = PBXBuildFile; fileRef = 225DD6DC2DFC8DB6002681B3 /* ToolBar.swift */; };
		225DD6E32DFC8E52002681B3 /* Brand.swift in Sources */ = {isa = PBXBuildFile; fileRef = 225DD6E22DFC8E52002681B3 /* Brand.swift */; };
		225DD6E52DFC8E79002681B3 /* Product.swift in Sources */ = {isa = PBXBuildFile; fileRef = 225DD6E42DFC8E79002681B3 /* Product.swift */; };
		225DD6E72DFC8EC6002681B3 /*  HomeView.swift in Sources */ = {isa = PBXBuildFile; fileRef = 225DD6E62DFC8EC6002681B3 /*  HomeView.swift */; };
		225DD6E92DFC8EFE002681B3 /* ProductsView.swift in Sources */ = {isa = PBXBuildFile; fileRef = 225DD6E82DFC8EFE002681B3 /* ProductsView.swift */; };
		225DD6EB2DFC8F4B002681B3 /* HomeViewModel.swift in Sources */ = {isa = PBXBuildFile; fileRef = 225DD6EA2DFC8F4B002681B3 /* HomeViewModel.swift */; };
		225DD6ED2DFC8F99002681B3 /* ProductsViewModel.swift in Sources */ = {isa = PBXBuildFile; fileRef = 225DD6EC2DFC8F99002681B3 /* ProductsViewModel.swift */; };
		225DD6F32DFC9024002681B3 /* CustomCollection.swift in Sources */ = {isa = PBXBuildFile; fileRef = 225DD6F22DFC9024002681B3 /* CustomCollection.swift */; };
		225DD6F52DFC9082002681B3 /* CategoryView.swift in Sources */ = {isa = PBXBuildFile; fileRef = 225DD6F42DFC9082002681B3 /* CategoryView.swift */; };
		225DD6F72DFC90BD002681B3 /* ProductCardView.swift in Sources */ = {isa = PBXBuildFile; fileRef = 225DD6F62DFC90BD002681B3 /* ProductCardView.swift */; };
		225DD6F92DFC9103002681B3 /* ProductViewModel.swift in Sources */ = {isa = PBXBuildFile; fileRef = 225DD6F82DFC9103002681B3 /* ProductViewModel.swift */; };
		225DD6FB2DFC917F002681B3 /* PersonView.swift in Sources */ = {isa = PBXBuildFile; fileRef = 225DD6FA2DFC917F002681B3 /* PersonView.swift */; };
		22CAE7572DF4F14600F0E2E0 /* SettingItem.swift in Sources */ = {isa = PBXBuildFile; fileRef = 22CAE7562DF4F14600F0E2E0 /* SettingItem.swift */; };
		22CAE7592DF4F43D00F0E2E0 /* HeaderSettings.swift in Sources */ = {isa = PBXBuildFile; fileRef = 22CAE7582DF4F43D00F0E2E0 /* HeaderSettings.swift */; };
		22CAE75B2DF4F48000F0E2E0 /* UserSettings.swift in Sources */ = {isa = PBXBuildFile; fileRef = 22CAE75A2DF4F48000F0E2E0 /* UserSettings.swift */; };
		22CAE75D2DF4F4C600F0E2E0 /* SectionHeader.swift in Sources */ = {isa = PBXBuildFile; fileRef = 22CAE75C2DF4F4C600F0E2E0 /* SectionHeader.swift */; };
		22CAE75F2DF4F4F600F0E2E0 /* SupportSettings.swift in Sources */ = {isa = PBXBuildFile; fileRef = 22CAE75E2DF4F4F600F0E2E0 /* SupportSettings.swift */; };
		22CAE7612DF4F54800F0E2E0 /* AccountSettings.swift in Sources */ = {isa = PBXBuildFile; fileRef = 22CAE7602DF4F54800F0E2E0 /* AccountSettings.swift */; };
		22CAE7632DF4F5CC00F0E2E0 /* SettingsView.swift in Sources */ = {isa = PBXBuildFile; fileRef = 22CAE7622DF4F5CC00F0E2E0 /* SettingsView.swift */; };
		22CAE7652DF4FA3500F0E2E0 /* AddressView.swift in Sources */ = {isa = PBXBuildFile; fileRef = 22CAE7642DF4FA3500F0E2E0 /* AddressView.swift */; };
		22CAE7682DF4FE3300F0E2E0 /* AdderssBody.swift in Sources */ = {isa = PBXBuildFile; fileRef = 22CAE7672DF4FE3300F0E2E0 /* AdderssBody.swift */; };
		22CAE76B2DF5005B00F0E2E0 /* Country.swift in Sources */ = {isa = PBXBuildFile; fileRef = 22CAE76A2DF5005B00F0E2E0 /* Country.swift */; };
		22CAE76D2DF500DA00F0E2E0 /* CountryPicker.swift in Sources */ = {isa = PBXBuildFile; fileRef = 22CAE76C2DF500DA00F0E2E0 /* CountryPicker.swift */; };
		22CAE76F2DF5022D00F0E2E0 /* CountryRow.swift in Sources */ = {isa = PBXBuildFile; fileRef = 22CAE76E2DF5022D00F0E2E0 /* CountryRow.swift */; };
		22CAE7712DF5038200F0E2E0 /* SearchCountryBar.swift in Sources */ = {isa = PBXBuildFile; fileRef = 22CAE7702DF5038200F0E2E0 /* SearchCountryBar.swift */; };
		22CAE7732DF5054900F0E2E0 /* CountryPickerModal.swift in Sources */ = {isa = PBXBuildFile; fileRef = 22CAE7722DF5054900F0E2E0 /* CountryPickerModal.swift */; };
		22CAE7752DF505E900F0E2E0 /* CountrySelectionButton.swift in Sources */ = {isa = PBXBuildFile; fileRef = 22CAE7742DF505E900F0E2E0 /* CountrySelectionButton.swift */; };
		22CAE7772DF5116900F0E2E0 /* CustomSettingField.swift in Sources */ = {isa = PBXBuildFile; fileRef = 22CAE7762DF5116900F0E2E0 /* CustomSettingField.swift */; };
/* End PBXBuildFile section */

/* Begin PBXContainerItemProxy section */
		04B477972DE3A1A700CC82F8 /* PBXContainerItemProxy */ = {
			isa = PBXContainerItemProxy;
			containerPortal = 04B477792DE3A1A400CC82F8 /* Project object */;
			proxyType = 1;
			remoteGlobalIDString = 04B477802DE3A1A400CC82F8;
			remoteInfo = "M-commerce-App";
		};
		04B477A12DE3A1A700CC82F8 /* PBXContainerItemProxy */ = {
			isa = PBXContainerItemProxy;
			containerPortal = 04B477792DE3A1A400CC82F8 /* Project object */;
			proxyType = 1;
			remoteGlobalIDString = 04B477802DE3A1A400CC82F8;
			remoteInfo = "M-commerce-App";
		};
/* End PBXContainerItemProxy section */

/* Begin PBXFileReference section */
		0474056B2DF11BAD0047C6C2 /* SignUpView.swift */ = {isa = PBXFileReference; lastKnownFileType = sourcecode.swift; path = SignUpView.swift; sourceTree = "<group>"; };
		04B329182DF939A1002CE2DD /* HomeView.swift */ = {isa = PBXFileReference; lastKnownFileType = sourcecode.swift; path = HomeView.swift; sourceTree = "<group>"; };
		04B477812DE3A1A400CC82F8 /* M-commerce-App.app */ = {isa = PBXFileReference; explicitFileType = wrapper.application; includeInIndex = 0; path = "M-commerce-App.app"; sourceTree = BUILT_PRODUCTS_DIR; };
		04B477842DE3A1A400CC82F8 /* M_commerce_AppApp.swift */ = {isa = PBXFileReference; lastKnownFileType = sourcecode.swift; path = M_commerce_AppApp.swift; sourceTree = "<group>"; };
		04B477862DE3A1A400CC82F8 /* ContentView.swift */ = {isa = PBXFileReference; lastKnownFileType = sourcecode.swift; path = ContentView.swift; sourceTree = "<group>"; };
		04B477882DE3A1A600CC82F8 /* Assets.xcassets */ = {isa = PBXFileReference; lastKnownFileType = folder.assetcatalog; path = Assets.xcassets; sourceTree = "<group>"; };
		04B4778B2DE3A1A600CC82F8 /* Preview Assets.xcassets */ = {isa = PBXFileReference; lastKnownFileType = folder.assetcatalog; path = "Preview Assets.xcassets"; sourceTree = "<group>"; };
		04B4778D2DE3A1A600CC82F8 /* Persistence.swift */ = {isa = PBXFileReference; lastKnownFileType = sourcecode.swift; path = Persistence.swift; sourceTree = "<group>"; };
		04B477902DE3A1A600CC82F8 /* M_commerce_App.xcdatamodel */ = {isa = PBXFileReference; lastKnownFileType = wrapper.xcdatamodel; path = M_commerce_App.xcdatamodel; sourceTree = "<group>"; };
		04B477962DE3A1A700CC82F8 /* M-commerce-AppTests.xctest */ = {isa = PBXFileReference; explicitFileType = wrapper.cfbundle; includeInIndex = 0; path = "M-commerce-AppTests.xctest"; sourceTree = BUILT_PRODUCTS_DIR; };
		04B4779A2DE3A1A700CC82F8 /* M_commerce_AppTests.swift */ = {isa = PBXFileReference; lastKnownFileType = sourcecode.swift; path = M_commerce_AppTests.swift; sourceTree = "<group>"; };
		04B477A02DE3A1A700CC82F8 /* M-commerce-AppUITests.xctest */ = {isa = PBXFileReference; explicitFileType = wrapper.cfbundle; includeInIndex = 0; path = "M-commerce-AppUITests.xctest"; sourceTree = BUILT_PRODUCTS_DIR; };
		04B477A42DE3A1A700CC82F8 /* M_commerce_AppUITests.swift */ = {isa = PBXFileReference; lastKnownFileType = sourcecode.swift; path = M_commerce_AppUITests.swift; sourceTree = "<group>"; };
		04B477A62DE3A1A700CC82F8 /* M_commerce_AppUITestsLaunchTests.swift */ = {isa = PBXFileReference; lastKnownFileType = sourcecode.swift; path = M_commerce_AppUITestsLaunchTests.swift; sourceTree = "<group>"; };
		04B5A65A2DF0F8CD0044E0FD /* OnboardingView2.swift */ = {isa = PBXFileReference; lastKnownFileType = sourcecode.swift; path = OnboardingView2.swift; sourceTree = "<group>"; };
		04B5A65C2DF0FEDA0044E0FD /* LoginView.swift */ = {isa = PBXFileReference; lastKnownFileType = sourcecode.swift; path = LoginView.swift; sourceTree = "<group>"; };
		04C46D5B2DF7840F0077AC37 /* ProductDetailsView.swift */ = {isa = PBXFileReference; lastKnownFileType = sourcecode.swift; path = ProductDetailsView.swift; sourceTree = "<group>"; };
		04D849342DF0CE7E00564625 /* onboard.json */ = {isa = PBXFileReference; fileEncoding = 4; lastKnownFileType = text.json; path = onboard.json; sourceTree = "<group>"; };
		04D8493C2DF0DCAD00564625 /* OnboardingView.swift */ = {isa = PBXFileReference; lastKnownFileType = sourcecode.swift; path = OnboardingView.swift; sourceTree = "<group>"; };
		04D8493E2DF0DCF800564625 /* SplashView.swift */ = {isa = PBXFileReference; lastKnownFileType = sourcecode.swift; path = SplashView.swift; sourceTree = "<group>"; };
		04D849402DF0DD3B00564625 /* LottieView.swift */ = {isa = PBXFileReference; lastKnownFileType = sourcecode.swift; path = LottieView.swift; sourceTree = "<group>"; };
		221C93C82DF5B4A400AD404A /* CitySelectionButton.swift */ = {isa = PBXFileReference; lastKnownFileType = sourcecode.swift; path = CitySelectionButton.swift; sourceTree = "<group>"; };
		221C93CA2DF5BCC900AD404A /* CityPicker.swift */ = {isa = PBXFileReference; lastKnownFileType = sourcecode.swift; path = CityPicker.swift; sourceTree = "<group>"; };
		221C93CC2DF5BE7500AD404A /* CityPickerModal.swift */ = {isa = PBXFileReference; lastKnownFileType = sourcecode.swift; path = CityPickerModal.swift; sourceTree = "<group>"; };
		221C93CE2DF5C02D00AD404A /* CityRow.swift */ = {isa = PBXFileReference; lastKnownFileType = sourcecode.swift; path = CityRow.swift; sourceTree = "<group>"; };
		221C93D02DF5C77B00AD404A /* City.swift */ = {isa = PBXFileReference; lastKnownFileType = sourcecode.swift; path = City.swift; sourceTree = "<group>"; };
		221C93D22DF5C98300AD404A /* SettingsNetworkManager.swift */ = {isa = PBXFileReference; lastKnownFileType = sourcecode.swift; path = SettingsNetworkManager.swift; sourceTree = "<group>"; };
		221C93D42DF5CB5600AD404A /* SettingsViewModel.swift */ = {isa = PBXFileReference; lastKnownFileType = sourcecode.swift; path = SettingsViewModel.swift; sourceTree = "<group>"; };
		221C93DB2DF5F16A00AD404A /* UserDefaultsKeys.swift */ = {isa = PBXFileReference; lastKnownFileType = sourcecode.swift; path = UserDefaultsKeys.swift; sourceTree = "<group>"; };
		221C93DD2DF5F4F400AD404A /* UserIfon.swift */ = {isa = PBXFileReference; lastKnownFileType = sourcecode.swift; path = UserIfon.swift; sourceTree = "<group>"; };
		225DD6D62DFC8B69002681B3 /* GoogleService-Info.plist */ = {isa = PBXFileReference; fileEncoding = 4; lastKnownFileType = text.plist.xml; path = "GoogleService-Info.plist"; sourceTree = "<group>"; };
		225DD6D82DFC8C4D002681B3 /* FloatingTabBar.swift */ = {isa = PBXFileReference; lastKnownFileType = sourcecode.swift; path = FloatingTabBar.swift; sourceTree = "<group>"; };
		225DD6DA2DFC8CFE002681B3 /* ImgCouponView.swift */ = {isa = PBXFileReference; lastKnownFileType = sourcecode.swift; path = ImgCouponView.swift; sourceTree = "<group>"; };
		225DD6DC2DFC8DB6002681B3 /* ToolBar.swift */ = {isa = PBXFileReference; lastKnownFileType = sourcecode.swift; path = ToolBar.swift; sourceTree = "<group>"; };
		225DD6E22DFC8E52002681B3 /* Brand.swift */ = {isa = PBXFileReference; lastKnownFileType = sourcecode.swift; path = Brand.swift; sourceTree = "<group>"; };
		225DD6E42DFC8E79002681B3 /* Product.swift */ = {isa = PBXFileReference; lastKnownFileType = sourcecode.swift; path = Product.swift; sourceTree = "<group>"; };
		225DD6E62DFC8EC6002681B3 /*  HomeView.swift */ = {isa = PBXFileReference; lastKnownFileType = sourcecode.swift; path = " HomeView.swift"; sourceTree = "<group>"; };
		225DD6E82DFC8EFE002681B3 /* ProductsView.swift */ = {isa = PBXFileReference; lastKnownFileType = sourcecode.swift; path = ProductsView.swift; sourceTree = "<group>"; };
		225DD6EA2DFC8F4B002681B3 /* HomeViewModel.swift */ = {isa = PBXFileReference; lastKnownFileType = sourcecode.swift; path = HomeViewModel.swift; sourceTree = "<group>"; };
		225DD6EC2DFC8F99002681B3 /* ProductsViewModel.swift */ = {isa = PBXFileReference; lastKnownFileType = sourcecode.swift; path = ProductsViewModel.swift; sourceTree = "<group>"; };
		225DD6F22DFC9024002681B3 /* CustomCollection.swift */ = {isa = PBXFileReference; lastKnownFileType = sourcecode.swift; path = CustomCollection.swift; sourceTree = "<group>"; };
		225DD6F42DFC9082002681B3 /* CategoryView.swift */ = {isa = PBXFileReference; lastKnownFileType = sourcecode.swift; path = CategoryView.swift; sourceTree = "<group>"; };
		225DD6F62DFC90BD002681B3 /* ProductCardView.swift */ = {isa = PBXFileReference; lastKnownFileType = sourcecode.swift; path = ProductCardView.swift; sourceTree = "<group>"; };
		225DD6F82DFC9103002681B3 /* ProductViewModel.swift */ = {isa = PBXFileReference; lastKnownFileType = sourcecode.swift; path = ProductViewModel.swift; sourceTree = "<group>"; };
		225DD6FA2DFC917F002681B3 /* PersonView.swift */ = {isa = PBXFileReference; lastKnownFileType = sourcecode.swift; path = PersonView.swift; sourceTree = "<group>"; };
		22CAE7562DF4F14600F0E2E0 /* SettingItem.swift */ = {isa = PBXFileReference; lastKnownFileType = sourcecode.swift; path = SettingItem.swift; sourceTree = "<group>"; };
		22CAE7582DF4F43D00F0E2E0 /* HeaderSettings.swift */ = {isa = PBXFileReference; lastKnownFileType = sourcecode.swift; path = HeaderSettings.swift; sourceTree = "<group>"; };
		22CAE75A2DF4F48000F0E2E0 /* UserSettings.swift */ = {isa = PBXFileReference; lastKnownFileType = sourcecode.swift; path = UserSettings.swift; sourceTree = "<group>"; };
		22CAE75C2DF4F4C600F0E2E0 /* SectionHeader.swift */ = {isa = PBXFileReference; lastKnownFileType = sourcecode.swift; path = SectionHeader.swift; sourceTree = "<group>"; };
		22CAE75E2DF4F4F600F0E2E0 /* SupportSettings.swift */ = {isa = PBXFileReference; lastKnownFileType = sourcecode.swift; path = SupportSettings.swift; sourceTree = "<group>"; };
		22CAE7602DF4F54800F0E2E0 /* AccountSettings.swift */ = {isa = PBXFileReference; lastKnownFileType = sourcecode.swift; path = AccountSettings.swift; sourceTree = "<group>"; };
		22CAE7622DF4F5CC00F0E2E0 /* SettingsView.swift */ = {isa = PBXFileReference; lastKnownFileType = sourcecode.swift; path = SettingsView.swift; sourceTree = "<group>"; };
		22CAE7642DF4FA3500F0E2E0 /* AddressView.swift */ = {isa = PBXFileReference; lastKnownFileType = sourcecode.swift; path = AddressView.swift; sourceTree = "<group>"; };
		22CAE7672DF4FE3300F0E2E0 /* AdderssBody.swift */ = {isa = PBXFileReference; lastKnownFileType = sourcecode.swift; path = AdderssBody.swift; sourceTree = "<group>"; };
		22CAE76A2DF5005B00F0E2E0 /* Country.swift */ = {isa = PBXFileReference; lastKnownFileType = sourcecode.swift; path = Country.swift; sourceTree = "<group>"; };
		22CAE76C2DF500DA00F0E2E0 /* CountryPicker.swift */ = {isa = PBXFileReference; lastKnownFileType = sourcecode.swift; path = CountryPicker.swift; sourceTree = "<group>"; };
		22CAE76E2DF5022D00F0E2E0 /* CountryRow.swift */ = {isa = PBXFileReference; lastKnownFileType = sourcecode.swift; path = CountryRow.swift; sourceTree = "<group>"; };
		22CAE7702DF5038200F0E2E0 /* SearchCountryBar.swift */ = {isa = PBXFileReference; lastKnownFileType = sourcecode.swift; path = SearchCountryBar.swift; sourceTree = "<group>"; };
		22CAE7722DF5054900F0E2E0 /* CountryPickerModal.swift */ = {isa = PBXFileReference; lastKnownFileType = sourcecode.swift; path = CountryPickerModal.swift; sourceTree = "<group>"; };
		22CAE7742DF505E900F0E2E0 /* CountrySelectionButton.swift */ = {isa = PBXFileReference; lastKnownFileType = sourcecode.swift; path = CountrySelectionButton.swift; sourceTree = "<group>"; };
		22CAE7762DF5116900F0E2E0 /* CustomSettingField.swift */ = {isa = PBXFileReference; lastKnownFileType = sourcecode.swift; path = CustomSettingField.swift; sourceTree = "<group>"; };
/* End PBXFileReference section */

/* Begin PBXFrameworksBuildPhase section */
		04B4777E2DE3A1A400CC82F8 /* Frameworks */ = {
			isa = PBXFrameworksBuildPhase;
			buildActionMask = 2147483647;
			files = (
				04D849382DF0CF3400564625 /* Lottie in Frameworks */,
				04B3291D2DF94E8D002CE2DD /* FirebaseAuth in Frameworks */,
				04B329232DF9E08D002CE2DD /* GoogleSignIn in Frameworks */,
				04B329252DF9E08D002CE2DD /* GoogleSignInSwift in Frameworks */,
			);
			runOnlyForDeploymentPostprocessing = 0;
		};
		04B477932DE3A1A700CC82F8 /* Frameworks */ = {
			isa = PBXFrameworksBuildPhase;
			buildActionMask = 2147483647;
			files = (
			);
			runOnlyForDeploymentPostprocessing = 0;
		};
		04B4779D2DE3A1A700CC82F8 /* Frameworks */ = {
			isa = PBXFrameworksBuildPhase;
			buildActionMask = 2147483647;
			files = (
			);
			runOnlyForDeploymentPostprocessing = 0;
		};
/* End PBXFrameworksBuildPhase section */

/* Begin PBXGroup section */
		0467C6BE2DEF9E2100DEDD32 /* Auth */ = {
			isa = PBXGroup;
			children = (
				04D8493B2DF0D8CB00564625 /* Views */,
			);
			path = Auth;
			sourceTree = "<group>";
		};
		0474056D2DF123430047C6C2 /* Utility */ = {
			isa = PBXGroup;
			children = (
				221C93DA2DF5EFC000AD404A /* Consts */,
				0474056E2DF123500047C6C2 /* Assets */,
			);
			path = Utility;
			sourceTree = "<group>";
		};
		0474056E2DF123500047C6C2 /* Assets */ = {
			isa = PBXGroup;
			children = (
				04B477882DE3A1A600CC82F8 /* Assets.xcassets */,
				04D849342DF0CE7E00564625 /* onboard.json */,
			);
			path = Assets;
			sourceTree = "<group>";
		};
		048FD7D92DEDCD7000F3CC33 /* Features */ = {
			isa = PBXGroup;
			children = (
				04C46D592DF783ED0077AC37 /* ProductDetails */,
				0467C6BE2DEF9E2100DEDD32 /* Auth */,
				22CAE7542DF4F0D300F0E2E0 /* Settings */,
				04B477842DE3A1A400CC82F8 /* M_commerce_AppApp.swift */,
			);
			path = Features;
			sourceTree = "<group>";
		};
		04B477782DE3A1A400CC82F8 = {
			isa = PBXGroup;
			children = (
				04B477832DE3A1A400CC82F8 /* M-commerce-App */,
				04B477992DE3A1A700CC82F8 /* M-commerce-AppTests */,
				04B477A32DE3A1A700CC82F8 /* M-commerce-AppUITests */,
				04B477822DE3A1A400CC82F8 /* Products */,
			);
			sourceTree = "<group>";
		};
		04B477822DE3A1A400CC82F8 /* Products */ = {
			isa = PBXGroup;
			children = (
				04B477812DE3A1A400CC82F8 /* M-commerce-App.app */,
				04B477962DE3A1A700CC82F8 /* M-commerce-AppTests.xctest */,
				04B477A02DE3A1A700CC82F8 /* M-commerce-AppUITests.xctest */,
			);
			name = Products;
			sourceTree = "<group>";
		};
		04B477832DE3A1A400CC82F8 /* M-commerce-App */ = {
			isa = PBXGroup;
			children = (
				225DD6EE2DFC8FD7002681B3 /* Category */,
				225DD6DE2DFC8DFB002681B3 /* Home */,
				225DD6D62DFC8B69002681B3 /* GoogleService-Info.plist */,
				0474056D2DF123430047C6C2 /* Utility */,
				048FD7D92DEDCD7000F3CC33 /* Features */,
				04B477862DE3A1A400CC82F8 /* ContentView.swift */,
				04B4778D2DE3A1A600CC82F8 /* Persistence.swift */,
				04B4778F2DE3A1A600CC82F8 /* M_commerce_App.xcdatamodeld */,
				04B4778A2DE3A1A600CC82F8 /* Preview Content */,
				04B329182DF939A1002CE2DD /* HomeView.swift */,
				225DD6D82DFC8C4D002681B3 /* FloatingTabBar.swift */,
				225DD6DA2DFC8CFE002681B3 /* ImgCouponView.swift */,
				225DD6DC2DFC8DB6002681B3 /* ToolBar.swift */,
				225DD6FA2DFC917F002681B3 /* PersonView.swift */,
			);
			path = "M-commerce-App";
			sourceTree = "<group>";
		};
		04B4778A2DE3A1A600CC82F8 /* Preview Content */ = {
			isa = PBXGroup;
			children = (
				04B4778B2DE3A1A600CC82F8 /* Preview Assets.xcassets */,
			);
			path = "Preview Content";
			sourceTree = "<group>";
		};
		04B477992DE3A1A700CC82F8 /* M-commerce-AppTests */ = {
			isa = PBXGroup;
			children = (
				04B4779A2DE3A1A700CC82F8 /* M_commerce_AppTests.swift */,
			);
			path = "M-commerce-AppTests";
			sourceTree = "<group>";
		};
		04B477A32DE3A1A700CC82F8 /* M-commerce-AppUITests */ = {
			isa = PBXGroup;
			children = (
				04B477A42DE3A1A700CC82F8 /* M_commerce_AppUITests.swift */,
				04B477A62DE3A1A700CC82F8 /* M_commerce_AppUITestsLaunchTests.swift */,
			);
			path = "M-commerce-AppUITests";
			sourceTree = "<group>";
		};
		04C46D592DF783ED0077AC37 /* ProductDetails */ = {
			isa = PBXGroup;
			children = (
				04C46D5A2DF783FD0077AC37 /* Views */,
			);
			path = ProductDetails;
			sourceTree = "<group>";
		};
		04C46D5A2DF783FD0077AC37 /* Views */ = {
			isa = PBXGroup;
			children = (
				04C46D5B2DF7840F0077AC37 /* ProductDetailsView.swift */,
			);
			path = Views;
			sourceTree = "<group>";
		};
		04D8493B2DF0D8CB00564625 /* Views */ = {
			isa = PBXGroup;
			children = (
				04D849402DF0DD3B00564625 /* LottieView.swift */,
				04B5A65A2DF0F8CD0044E0FD /* OnboardingView2.swift */,
				04D8493E2DF0DCF800564625 /* SplashView.swift */,
				04D8493C2DF0DCAD00564625 /* OnboardingView.swift */,
				04B5A65C2DF0FEDA0044E0FD /* LoginView.swift */,
				0474056B2DF11BAD0047C6C2 /* SignUpView.swift */,
			);
			name = Views;
			path = "New Group";
			sourceTree = "<group>";
		};
		221C93D62DF5CB5D00AD404A /* ViewModel */ = {
			isa = PBXGroup;
			children = (
				221C93D42DF5CB5600AD404A /* SettingsViewModel.swift */,
			);
			path = ViewModel;
			sourceTree = "<group>";
		};
		221C93D72DF5CB6700AD404A /* Views */ = {
			isa = PBXGroup;
			children = (
				22CAE7552DF4F13100F0E2E0 /* SettingsComponents */,
				22CAE7662DF4FDD500F0E2E0 /* AddressComponents */,
				22CAE7622DF4F5CC00F0E2E0 /* SettingsView.swift */,
				22CAE7642DF4FA3500F0E2E0 /* AddressView.swift */,
			);
			path = Views;
			sourceTree = "<group>";
		};
		221C93DA2DF5EFC000AD404A /* Consts */ = {
			isa = PBXGroup;
			children = (
				221C93DB2DF5F16A00AD404A /* UserDefaultsKeys.swift */,
			);
			path = Consts;
			sourceTree = "<group>";
		};
		225DD6DE2DFC8DFB002681B3 /* Home */ = {
			isa = PBXGroup;
			children = (
				225DD6E12DFC8E26002681B3 /* ViewModel */,
				225DD6E02DFC8E1C002681B3 /* View */,
				225DD6DF2DFC8E0C002681B3 /* Models */,
			);
			path = Home;
			sourceTree = "<group>";
		};
		225DD6DF2DFC8E0C002681B3 /* Models */ = {
			isa = PBXGroup;
			children = (
				225DD6E22DFC8E52002681B3 /* Brand.swift */,
				225DD6E42DFC8E79002681B3 /* Product.swift */,
			);
			path = Models;
			sourceTree = "<group>";
		};
		225DD6E02DFC8E1C002681B3 /* View */ = {
			isa = PBXGroup;
			children = (
				225DD6E62DFC8EC6002681B3 /*  HomeView.swift */,
				225DD6E82DFC8EFE002681B3 /* ProductsView.swift */,
			);
			path = View;
			sourceTree = "<group>";
		};
		225DD6E12DFC8E26002681B3 /* ViewModel */ = {
			isa = PBXGroup;
			children = (
				225DD6EA2DFC8F4B002681B3 /* HomeViewModel.swift */,
				225DD6EC2DFC8F99002681B3 /* ProductsViewModel.swift */,
			);
			path = ViewModel;
			sourceTree = "<group>";
		};
		225DD6EE2DFC8FD7002681B3 /* Category */ = {
			isa = PBXGroup;
			children = (
				225DD6F12DFC8FFE002681B3 /* ViewModel */,
				225DD6F02DFC8FF0002681B3 /* View */,
				225DD6EF2DFC8FE4002681B3 /* Models */,
			);
			path = Category;
			sourceTree = "<group>";
		};
		225DD6EF2DFC8FE4002681B3 /* Models */ = {
			isa = PBXGroup;
			children = (
				225DD6F22DFC9024002681B3 /* CustomCollection.swift */,
			);
			path = Models;
			sourceTree = "<group>";
		};
		225DD6F02DFC8FF0002681B3 /* View */ = {
			isa = PBXGroup;
			children = (
				225DD6F42DFC9082002681B3 /* CategoryView.swift */,
				225DD6F62DFC90BD002681B3 /* ProductCardView.swift */,
			);
			path = View;
			sourceTree = "<group>";
		};
		225DD6F12DFC8FFE002681B3 /* ViewModel */ = {
			isa = PBXGroup;
			children = (
				225DD6F82DFC9103002681B3 /* ProductViewModel.swift */,
			);
			path = ViewModel;
			sourceTree = "<group>";
		};
		22CAE7542DF4F0D300F0E2E0 /* Settings */ = {
			isa = PBXGroup;
			children = (
				221C93D72DF5CB6700AD404A /* Views */,
				221C93D62DF5CB5D00AD404A /* ViewModel */,
				22CAE7692DF5004A00F0E2E0 /* Models */,
			);
			path = Settings;
			sourceTree = "<group>";
		};
		22CAE7552DF4F13100F0E2E0 /* SettingsComponents */ = {
			isa = PBXGroup;
			children = (
				22CAE7562DF4F14600F0E2E0 /* SettingItem.swift */,
				22CAE7582DF4F43D00F0E2E0 /* HeaderSettings.swift */,
				22CAE75A2DF4F48000F0E2E0 /* UserSettings.swift */,
				22CAE75C2DF4F4C600F0E2E0 /* SectionHeader.swift */,
				22CAE75E2DF4F4F600F0E2E0 /* SupportSettings.swift */,
				22CAE7602DF4F54800F0E2E0 /* AccountSettings.swift */,
			);
			path = SettingsComponents;
			sourceTree = "<group>";
		};
		22CAE7662DF4FDD500F0E2E0 /* AddressComponents */ = {
			isa = PBXGroup;
			children = (
				22CAE7672DF4FE3300F0E2E0 /* AdderssBody.swift */,
				22CAE76C2DF500DA00F0E2E0 /* CountryPicker.swift */,
				22CAE76E2DF5022D00F0E2E0 /* CountryRow.swift */,
				22CAE7702DF5038200F0E2E0 /* SearchCountryBar.swift */,
				22CAE7722DF5054900F0E2E0 /* CountryPickerModal.swift */,
				22CAE7742DF505E900F0E2E0 /* CountrySelectionButton.swift */,
				22CAE7762DF5116900F0E2E0 /* CustomSettingField.swift */,
				221C93C82DF5B4A400AD404A /* CitySelectionButton.swift */,
				221C93CA2DF5BCC900AD404A /* CityPicker.swift */,
				221C93CC2DF5BE7500AD404A /* CityPickerModal.swift */,
				221C93CE2DF5C02D00AD404A /* CityRow.swift */,
			);
			path = AddressComponents;
			sourceTree = "<group>";
		};
		22CAE7692DF5004A00F0E2E0 /* Models */ = {
			isa = PBXGroup;
			children = (
				22CAE76A2DF5005B00F0E2E0 /* Country.swift */,
				221C93D02DF5C77B00AD404A /* City.swift */,
				221C93D22DF5C98300AD404A /* SettingsNetworkManager.swift */,
				221C93DD2DF5F4F400AD404A /* UserIfon.swift */,
			);
			path = Models;
			sourceTree = "<group>";
		};
/* End PBXGroup section */

/* Begin PBXNativeTarget section */
		04B477802DE3A1A400CC82F8 /* M-commerce-App */ = {
			isa = PBXNativeTarget;
			buildConfigurationList = 04B477AA2DE3A1A700CC82F8 /* Build configuration list for PBXNativeTarget "M-commerce-App" */;
			buildPhases = (
				04B4777D2DE3A1A400CC82F8 /* Sources */,
				04B4777E2DE3A1A400CC82F8 /* Frameworks */,
				04B4777F2DE3A1A400CC82F8 /* Resources */,
			);
			buildRules = (
			);
			dependencies = (
			);
			name = "M-commerce-App";
			packageProductDependencies = (
				04D849372DF0CF3400564625 /* Lottie */,
				04B3291C2DF94E8D002CE2DD /* FirebaseAuth */,
				04B329222DF9E08D002CE2DD /* GoogleSignIn */,
				04B329242DF9E08D002CE2DD /* GoogleSignInSwift */,
			);
			productName = "M-commerce-App";
			productReference = 04B477812DE3A1A400CC82F8 /* M-commerce-App.app */;
			productType = "com.apple.product-type.application";
		};
		04B477952DE3A1A700CC82F8 /* M-commerce-AppTests */ = {
			isa = PBXNativeTarget;
			buildConfigurationList = 04B477AD2DE3A1A700CC82F8 /* Build configuration list for PBXNativeTarget "M-commerce-AppTests" */;
			buildPhases = (
				04B477922DE3A1A700CC82F8 /* Sources */,
				04B477932DE3A1A700CC82F8 /* Frameworks */,
				04B477942DE3A1A700CC82F8 /* Resources */,
			);
			buildRules = (
			);
			dependencies = (
				04B477982DE3A1A700CC82F8 /* PBXTargetDependency */,
			);
			name = "M-commerce-AppTests";
			productName = "M-commerce-AppTests";
			productReference = 04B477962DE3A1A700CC82F8 /* M-commerce-AppTests.xctest */;
			productType = "com.apple.product-type.bundle.unit-test";
		};
		04B4779F2DE3A1A700CC82F8 /* M-commerce-AppUITests */ = {
			isa = PBXNativeTarget;
			buildConfigurationList = 04B477B02DE3A1A700CC82F8 /* Build configuration list for PBXNativeTarget "M-commerce-AppUITests" */;
			buildPhases = (
				04B4779C2DE3A1A700CC82F8 /* Sources */,
				04B4779D2DE3A1A700CC82F8 /* Frameworks */,
				04B4779E2DE3A1A700CC82F8 /* Resources */,
			);
			buildRules = (
			);
			dependencies = (
				04B477A22DE3A1A700CC82F8 /* PBXTargetDependency */,
			);
			name = "M-commerce-AppUITests";
			productName = "M-commerce-AppUITests";
			productReference = 04B477A02DE3A1A700CC82F8 /* M-commerce-AppUITests.xctest */;
			productType = "com.apple.product-type.bundle.ui-testing";
		};
/* End PBXNativeTarget section */

/* Begin PBXProject section */
		04B477792DE3A1A400CC82F8 /* Project object */ = {
			isa = PBXProject;
			attributes = {
				BuildIndependentTargetsInParallel = 1;
				LastSwiftUpdateCheck = 1410;
				LastUpgradeCheck = 1410;
				TargetAttributes = {
					04B477802DE3A1A400CC82F8 = {
						CreatedOnToolsVersion = 14.1;
					};
					04B477952DE3A1A700CC82F8 = {
						CreatedOnToolsVersion = 14.1;
						TestTargetID = 04B477802DE3A1A400CC82F8;
					};
					04B4779F2DE3A1A700CC82F8 = {
						CreatedOnToolsVersion = 14.1;
						TestTargetID = 04B477802DE3A1A400CC82F8;
					};
				};
			};
			buildConfigurationList = 04B4777C2DE3A1A400CC82F8 /* Build configuration list for PBXProject "M-commerce-App" */;
			compatibilityVersion = "Xcode 14.0";
			developmentRegion = en;
			hasScannedForEncodings = 0;
			knownRegions = (
				en,
				Base,
			);
			mainGroup = 04B477782DE3A1A400CC82F8;
			packageReferences = (
				04D849362DF0CF3400564625 /* XCRemoteSwiftPackageReference "lottie-ios" */,
				04B3291B2DF94E8D002CE2DD /* XCRemoteSwiftPackageReference "firebase-ios-sdk" */,
				04B329212DF9E08D002CE2DD /* XCRemoteSwiftPackageReference "GoogleSignIn-iOS" */,
			);
			productRefGroup = 04B477822DE3A1A400CC82F8 /* Products */;
			projectDirPath = "";
			projectRoot = "";
			targets = (
				04B477802DE3A1A400CC82F8 /* M-commerce-App */,
				04B477952DE3A1A700CC82F8 /* M-commerce-AppTests */,
				04B4779F2DE3A1A700CC82F8 /* M-commerce-AppUITests */,
			);
		};
/* End PBXProject section */

/* Begin PBXResourcesBuildPhase section */
		04B4777F2DE3A1A400CC82F8 /* Resources */ = {
			isa = PBXResourcesBuildPhase;
			buildActionMask = 2147483647;
			files = (
				04D849352DF0CE7E00564625 /* onboard.json in Resources */,
				225DD6D72DFC8B69002681B3 /* GoogleService-Info.plist in Resources */,
				04B4778C2DE3A1A600CC82F8 /* Preview Assets.xcassets in Resources */,
				04B477892DE3A1A600CC82F8 /* Assets.xcassets in Resources */,
			);
			runOnlyForDeploymentPostprocessing = 0;
		};
		04B477942DE3A1A700CC82F8 /* Resources */ = {
			isa = PBXResourcesBuildPhase;
			buildActionMask = 2147483647;
			files = (
			);
			runOnlyForDeploymentPostprocessing = 0;
		};
		04B4779E2DE3A1A700CC82F8 /* Resources */ = {
			isa = PBXResourcesBuildPhase;
			buildActionMask = 2147483647;
			files = (
			);
			runOnlyForDeploymentPostprocessing = 0;
		};
/* End PBXResourcesBuildPhase section */

/* Begin PBXSourcesBuildPhase section */
		04B4777D2DE3A1A400CC82F8 /* Sources */ = {
			isa = PBXSourcesBuildPhase;
			buildActionMask = 2147483647;
			files = (
				04B5A65B2DF0F8CD0044E0FD /* OnboardingView2.swift in Sources */,
				22CAE7592DF4F43D00F0E2E0 /* HeaderSettings.swift in Sources */,
				22CAE7732DF5054900F0E2E0 /* CountryPickerModal.swift in Sources */,
				22CAE75F2DF4F4F600F0E2E0 /* SupportSettings.swift in Sources */,
				22CAE76F2DF5022D00F0E2E0 /* CountryRow.swift in Sources */,
				225DD6D92DFC8C4D002681B3 /* FloatingTabBar.swift in Sources */,
				225DD6FB2DFC917F002681B3 /* PersonView.swift in Sources */,
				225DD6ED2DFC8F99002681B3 /* ProductsViewModel.swift in Sources */,
				221C93CF2DF5C02D00AD404A /* CityRow.swift in Sources */,
				04B4778E2DE3A1A600CC82F8 /* Persistence.swift in Sources */,
				22CAE7712DF5038200F0E2E0 /* SearchCountryBar.swift in Sources */,
				221C93DC2DF5F16A00AD404A /* UserDefaultsKeys.swift in Sources */,
				221C93D52DF5CB5600AD404A /* SettingsViewModel.swift in Sources */,
				225DD6E32DFC8E52002681B3 /* Brand.swift in Sources */,
				225DD6F72DFC90BD002681B3 /* ProductCardView.swift in Sources */,
				22CAE7572DF4F14600F0E2E0 /* SettingItem.swift in Sources */,
				22CAE7652DF4FA3500F0E2E0 /* AddressView.swift in Sources */,
				22CAE7632DF4F5CC00F0E2E0 /* SettingsView.swift in Sources */,
				225DD6DB2DFC8CFE002681B3 /* ImgCouponView.swift in Sources */,
				221C93DE2DF5F4F400AD404A /* UserIfon.swift in Sources */,
				22CAE76D2DF500DA00F0E2E0 /* CountryPicker.swift in Sources */,
				22CAE7772DF5116900F0E2E0 /* CustomSettingField.swift in Sources */,
				225DD6F32DFC9024002681B3 /* CustomCollection.swift in Sources */,
				221C93D32DF5C98300AD404A /* SettingsNetworkManager.swift in Sources */,
				04C46D5C2DF7840F0077AC37 /* ProductDetailsView.swift in Sources */,
				225DD6F92DFC9103002681B3 /* ProductViewModel.swift in Sources */,
				22CAE75B2DF4F48000F0E2E0 /* UserSettings.swift in Sources */,
				221C93C92DF5B4A400AD404A /* CitySelectionButton.swift in Sources */,
				221C93CD2DF5BE7500AD404A /* CityPickerModal.swift in Sources */,
				22CAE76B2DF5005B00F0E2E0 /* Country.swift in Sources */,
				04B477872DE3A1A500CC82F8 /* ContentView.swift in Sources */,
				04B329192DF939A1002CE2DD /* HomeView.swift in Sources */,
				04B5A65D2DF0FEDA0044E0FD /* LoginView.swift in Sources */,
				225DD6EB2DFC8F4B002681B3 /* HomeViewModel.swift in Sources */,
				225DD6E92DFC8EFE002681B3 /* ProductsView.swift in Sources */,
				225DD6DD2DFC8DB6002681B3 /* ToolBar.swift in Sources */,
				04B477912DE3A1A600CC82F8 /* M_commerce_App.xcdatamodeld in Sources */,
				04B477852DE3A1A400CC82F8 /* M_commerce_AppApp.swift in Sources */,
				0474056C2DF11BAD0047C6C2 /* SignUpView.swift in Sources */,
				221C93D12DF5C77B00AD404A /* City.swift in Sources */,
				22CAE75D2DF4F4C600F0E2E0 /* SectionHeader.swift in Sources */,
				225DD6F52DFC9082002681B3 /* CategoryView.swift in Sources */,
				04D849412DF0DD3B00564625 /* LottieView.swift in Sources */,
				225DD6E72DFC8EC6002681B3 /*  HomeView.swift in Sources */,
				04D8493D2DF0DCAD00564625 /* OnboardingView.swift in Sources */,
				22CAE7612DF4F54800F0E2E0 /* AccountSettings.swift in Sources */,
				22CAE7682DF4FE3300F0E2E0 /* AdderssBody.swift in Sources */,
				04D8493F2DF0DCF800564625 /* SplashView.swift in Sources */,
				221C93CB2DF5BCC900AD404A /* CityPicker.swift in Sources */,
				22CAE7752DF505E900F0E2E0 /* CountrySelectionButton.swift in Sources */,
				225DD6E52DFC8E79002681B3 /* Product.swift in Sources */,
			);
			runOnlyForDeploymentPostprocessing = 0;
		};
		04B477922DE3A1A700CC82F8 /* Sources */ = {
			isa = PBXSourcesBuildPhase;
			buildActionMask = 2147483647;
			files = (
				04B4779B2DE3A1A700CC82F8 /* M_commerce_AppTests.swift in Sources */,
			);
			runOnlyForDeploymentPostprocessing = 0;
		};
		04B4779C2DE3A1A700CC82F8 /* Sources */ = {
			isa = PBXSourcesBuildPhase;
			buildActionMask = 2147483647;
			files = (
				04B477A52DE3A1A700CC82F8 /* M_commerce_AppUITests.swift in Sources */,
				04B477A72DE3A1A700CC82F8 /* M_commerce_AppUITestsLaunchTests.swift in Sources */,
			);
			runOnlyForDeploymentPostprocessing = 0;
		};
/* End PBXSourcesBuildPhase section */

/* Begin PBXTargetDependency section */
		04B477982DE3A1A700CC82F8 /* PBXTargetDependency */ = {
			isa = PBXTargetDependency;
			target = 04B477802DE3A1A400CC82F8 /* M-commerce-App */;
			targetProxy = 04B477972DE3A1A700CC82F8 /* PBXContainerItemProxy */;
		};
		04B477A22DE3A1A700CC82F8 /* PBXTargetDependency */ = {
			isa = PBXTargetDependency;
			target = 04B477802DE3A1A400CC82F8 /* M-commerce-App */;
			targetProxy = 04B477A12DE3A1A700CC82F8 /* PBXContainerItemProxy */;
		};
/* End PBXTargetDependency section */

/* Begin XCBuildConfiguration section */
		04B477A82DE3A1A700CC82F8 /* Debug */ = {
			isa = XCBuildConfiguration;
			buildSettings = {
				ALWAYS_SEARCH_USER_PATHS = NO;
				CLANG_ANALYZER_NONNULL = YES;
				CLANG_ANALYZER_NUMBER_OBJECT_CONVERSION = YES_AGGRESSIVE;
				CLANG_CXX_LANGUAGE_STANDARD = "gnu++20";
				CLANG_ENABLE_MODULES = YES;
				CLANG_ENABLE_OBJC_ARC = YES;
				CLANG_ENABLE_OBJC_WEAK = YES;
				CLANG_WARN_BLOCK_CAPTURE_AUTORELEASING = YES;
				CLANG_WARN_BOOL_CONVERSION = YES;
				CLANG_WARN_COMMA = YES;
				CLANG_WARN_CONSTANT_CONVERSION = YES;
				CLANG_WARN_DEPRECATED_OBJC_IMPLEMENTATIONS = YES;
				CLANG_WARN_DIRECT_OBJC_ISA_USAGE = YES_ERROR;
				CLANG_WARN_DOCUMENTATION_COMMENTS = YES;
				CLANG_WARN_EMPTY_BODY = YES;
				CLANG_WARN_ENUM_CONVERSION = YES;
				CLANG_WARN_INFINITE_RECURSION = YES;
				CLANG_WARN_INT_CONVERSION = YES;
				CLANG_WARN_NON_LITERAL_NULL_CONVERSION = YES;
				CLANG_WARN_OBJC_IMPLICIT_RETAIN_SELF = YES;
				CLANG_WARN_OBJC_LITERAL_CONVERSION = YES;
				CLANG_WARN_OBJC_ROOT_CLASS = YES_ERROR;
				CLANG_WARN_QUOTED_INCLUDE_IN_FRAMEWORK_HEADER = YES;
				CLANG_WARN_RANGE_LOOP_ANALYSIS = YES;
				CLANG_WARN_STRICT_PROTOTYPES = YES;
				CLANG_WARN_SUSPICIOUS_MOVE = YES;
				CLANG_WARN_UNGUARDED_AVAILABILITY = YES_AGGRESSIVE;
				CLANG_WARN_UNREACHABLE_CODE = YES;
				CLANG_WARN__DUPLICATE_METHOD_MATCH = YES;
				COPY_PHASE_STRIP = NO;
				DEBUG_INFORMATION_FORMAT = dwarf;
				ENABLE_STRICT_OBJC_MSGSEND = YES;
				ENABLE_TESTABILITY = YES;
				GCC_C_LANGUAGE_STANDARD = gnu11;
				GCC_DYNAMIC_NO_PIC = NO;
				GCC_NO_COMMON_BLOCKS = YES;
				GCC_OPTIMIZATION_LEVEL = 0;
				GCC_PREPROCESSOR_DEFINITIONS = (
					"DEBUG=1",
					"$(inherited)",
				);
				GCC_WARN_64_TO_32_BIT_CONVERSION = YES;
				GCC_WARN_ABOUT_RETURN_TYPE = YES_ERROR;
				GCC_WARN_UNDECLARED_SELECTOR = YES;
				GCC_WARN_UNINITIALIZED_AUTOS = YES_AGGRESSIVE;
				GCC_WARN_UNUSED_FUNCTION = YES;
				GCC_WARN_UNUSED_VARIABLE = YES;
				IPHONEOS_DEPLOYMENT_TARGET = 16.1;
				MTL_ENABLE_DEBUG_INFO = INCLUDE_SOURCE;
				MTL_FAST_MATH = YES;
				ONLY_ACTIVE_ARCH = YES;
				SDKROOT = iphoneos;
				SWIFT_ACTIVE_COMPILATION_CONDITIONS = DEBUG;
				SWIFT_OPTIMIZATION_LEVEL = "-Onone";
			};
			name = Debug;
		};
		04B477A92DE3A1A700CC82F8 /* Release */ = {
			isa = XCBuildConfiguration;
			buildSettings = {
				ALWAYS_SEARCH_USER_PATHS = NO;
				CLANG_ANALYZER_NONNULL = YES;
				CLANG_ANALYZER_NUMBER_OBJECT_CONVERSION = YES_AGGRESSIVE;
				CLANG_CXX_LANGUAGE_STANDARD = "gnu++20";
				CLANG_ENABLE_MODULES = YES;
				CLANG_ENABLE_OBJC_ARC = YES;
				CLANG_ENABLE_OBJC_WEAK = YES;
				CLANG_WARN_BLOCK_CAPTURE_AUTORELEASING = YES;
				CLANG_WARN_BOOL_CONVERSION = YES;
				CLANG_WARN_COMMA = YES;
				CLANG_WARN_CONSTANT_CONVERSION = YES;
				CLANG_WARN_DEPRECATED_OBJC_IMPLEMENTATIONS = YES;
				CLANG_WARN_DIRECT_OBJC_ISA_USAGE = YES_ERROR;
				CLANG_WARN_DOCUMENTATION_COMMENTS = YES;
				CLANG_WARN_EMPTY_BODY = YES;
				CLANG_WARN_ENUM_CONVERSION = YES;
				CLANG_WARN_INFINITE_RECURSION = YES;
				CLANG_WARN_INT_CONVERSION = YES;
				CLANG_WARN_NON_LITERAL_NULL_CONVERSION = YES;
				CLANG_WARN_OBJC_IMPLICIT_RETAIN_SELF = YES;
				CLANG_WARN_OBJC_LITERAL_CONVERSION = YES;
				CLANG_WARN_OBJC_ROOT_CLASS = YES_ERROR;
				CLANG_WARN_QUOTED_INCLUDE_IN_FRAMEWORK_HEADER = YES;
				CLANG_WARN_RANGE_LOOP_ANALYSIS = YES;
				CLANG_WARN_STRICT_PROTOTYPES = YES;
				CLANG_WARN_SUSPICIOUS_MOVE = YES;
				CLANG_WARN_UNGUARDED_AVAILABILITY = YES_AGGRESSIVE;
				CLANG_WARN_UNREACHABLE_CODE = YES;
				CLANG_WARN__DUPLICATE_METHOD_MATCH = YES;
				COPY_PHASE_STRIP = NO;
				DEBUG_INFORMATION_FORMAT = "dwarf-with-dsym";
				ENABLE_NS_ASSERTIONS = NO;
				ENABLE_STRICT_OBJC_MSGSEND = YES;
				GCC_C_LANGUAGE_STANDARD = gnu11;
				GCC_NO_COMMON_BLOCKS = YES;
				GCC_WARN_64_TO_32_BIT_CONVERSION = YES;
				GCC_WARN_ABOUT_RETURN_TYPE = YES_ERROR;
				GCC_WARN_UNDECLARED_SELECTOR = YES;
				GCC_WARN_UNINITIALIZED_AUTOS = YES_AGGRESSIVE;
				GCC_WARN_UNUSED_FUNCTION = YES;
				GCC_WARN_UNUSED_VARIABLE = YES;
				IPHONEOS_DEPLOYMENT_TARGET = 16.1;
				MTL_ENABLE_DEBUG_INFO = NO;
				MTL_FAST_MATH = YES;
				SDKROOT = iphoneos;
				SWIFT_COMPILATION_MODE = wholemodule;
				SWIFT_OPTIMIZATION_LEVEL = "-O";
				VALIDATE_PRODUCT = YES;
			};
			name = Release;
		};
		04B477AB2DE3A1A700CC82F8 /* Debug */ = {
			isa = XCBuildConfiguration;
			buildSettings = {
				ASSETCATALOG_COMPILER_APPICON_NAME = AppIcon;
				ASSETCATALOG_COMPILER_GLOBAL_ACCENT_COLOR_NAME = AccentColor;
				CODE_SIGN_STYLE = Automatic;
				CURRENT_PROJECT_VERSION = 1;
				DEVELOPMENT_ASSET_PATHS = "\"M-commerce-App/Preview Content\"";
				ENABLE_PREVIEWS = YES;
				GENERATE_INFOPLIST_FILE = YES;
				INFOPLIST_FILE = "M-commerce-App/Info.plist";
				INFOPLIST_KEY_UIApplicationSceneManifest_Generation = YES;
				INFOPLIST_KEY_UIApplicationSupportsIndirectInputEvents = YES;
				INFOPLIST_KEY_UILaunchScreen_Generation = YES;
				INFOPLIST_KEY_UISupportedInterfaceOrientations_iPad = "UIInterfaceOrientationPortrait UIInterfaceOrientationPortraitUpsideDown UIInterfaceOrientationLandscapeLeft UIInterfaceOrientationLandscapeRight";
				INFOPLIST_KEY_UISupportedInterfaceOrientations_iPhone = "UIInterfaceOrientationPortrait UIInterfaceOrientationLandscapeLeft UIInterfaceOrientationLandscapeRight";
				LD_RUNPATH_SEARCH_PATHS = (
					"$(inherited)",
					"@executable_path/Frameworks",
				);
				MARKETING_VERSION = 1.0;
				PRODUCT_BUNDLE_IDENTIFIER = "ahmed.M-commerce-App";
				PRODUCT_NAME = "$(TARGET_NAME)";
				SWIFT_EMIT_LOC_STRINGS = YES;
				SWIFT_VERSION = 5.0;
				TARGETED_DEVICE_FAMILY = "1,2";
			};
			name = Debug;
		};
		04B477AC2DE3A1A700CC82F8 /* Release */ = {
			isa = XCBuildConfiguration;
			buildSettings = {
				ASSETCATALOG_COMPILER_APPICON_NAME = AppIcon;
				ASSETCATALOG_COMPILER_GLOBAL_ACCENT_COLOR_NAME = AccentColor;
				CODE_SIGN_STYLE = Automatic;
				CURRENT_PROJECT_VERSION = 1;
				DEVELOPMENT_ASSET_PATHS = "\"M-commerce-App/Preview Content\"";
				ENABLE_PREVIEWS = YES;
				GENERATE_INFOPLIST_FILE = YES;
				INFOPLIST_FILE = "M-commerce-App/Info.plist";
				INFOPLIST_KEY_UIApplicationSceneManifest_Generation = YES;
				INFOPLIST_KEY_UIApplicationSupportsIndirectInputEvents = YES;
				INFOPLIST_KEY_UILaunchScreen_Generation = YES;
				INFOPLIST_KEY_UISupportedInterfaceOrientations_iPad = "UIInterfaceOrientationPortrait UIInterfaceOrientationPortraitUpsideDown UIInterfaceOrientationLandscapeLeft UIInterfaceOrientationLandscapeRight";
				INFOPLIST_KEY_UISupportedInterfaceOrientations_iPhone = "UIInterfaceOrientationPortrait UIInterfaceOrientationLandscapeLeft UIInterfaceOrientationLandscapeRight";
				LD_RUNPATH_SEARCH_PATHS = (
					"$(inherited)",
					"@executable_path/Frameworks",
				);
				MARKETING_VERSION = 1.0;
				PRODUCT_BUNDLE_IDENTIFIER = "ahmed.M-commerce-App";
				PRODUCT_NAME = "$(TARGET_NAME)";
				SWIFT_EMIT_LOC_STRINGS = YES;
				SWIFT_VERSION = 5.0;
				TARGETED_DEVICE_FAMILY = "1,2";
			};
			name = Release;
		};
		04B477AE2DE3A1A700CC82F8 /* Debug */ = {
			isa = XCBuildConfiguration;
			buildSettings = {
				ALWAYS_EMBED_SWIFT_STANDARD_LIBRARIES = YES;
				BUNDLE_LOADER = "$(TEST_HOST)";
				CODE_SIGN_STYLE = Automatic;
				CURRENT_PROJECT_VERSION = 1;
				GENERATE_INFOPLIST_FILE = YES;
				IPHONEOS_DEPLOYMENT_TARGET = 16.1;
				MARKETING_VERSION = 1.0;
				PRODUCT_BUNDLE_IDENTIFIER = "ahmed.M-commerce-AppTests";
				PRODUCT_NAME = "$(TARGET_NAME)";
				SWIFT_EMIT_LOC_STRINGS = NO;
				SWIFT_VERSION = 5.0;
				TARGETED_DEVICE_FAMILY = "1,2";
				TEST_HOST = "$(BUILT_PRODUCTS_DIR)/M-commerce-App.app/$(BUNDLE_EXECUTABLE_FOLDER_PATH)/M-commerce-App";
			};
			name = Debug;
		};
		04B477AF2DE3A1A700CC82F8 /* Release */ = {
			isa = XCBuildConfiguration;
			buildSettings = {
				ALWAYS_EMBED_SWIFT_STANDARD_LIBRARIES = YES;
				BUNDLE_LOADER = "$(TEST_HOST)";
				CODE_SIGN_STYLE = Automatic;
				CURRENT_PROJECT_VERSION = 1;
				GENERATE_INFOPLIST_FILE = YES;
				IPHONEOS_DEPLOYMENT_TARGET = 16.1;
				MARKETING_VERSION = 1.0;
				PRODUCT_BUNDLE_IDENTIFIER = "ahmed.M-commerce-AppTests";
				PRODUCT_NAME = "$(TARGET_NAME)";
				SWIFT_EMIT_LOC_STRINGS = NO;
				SWIFT_VERSION = 5.0;
				TARGETED_DEVICE_FAMILY = "1,2";
				TEST_HOST = "$(BUILT_PRODUCTS_DIR)/M-commerce-App.app/$(BUNDLE_EXECUTABLE_FOLDER_PATH)/M-commerce-App";
			};
			name = Release;
		};
		04B477B12DE3A1A700CC82F8 /* Debug */ = {
			isa = XCBuildConfiguration;
			buildSettings = {
				ALWAYS_EMBED_SWIFT_STANDARD_LIBRARIES = YES;
				CODE_SIGN_STYLE = Automatic;
				CURRENT_PROJECT_VERSION = 1;
				GENERATE_INFOPLIST_FILE = YES;
				MARKETING_VERSION = 1.0;
				PRODUCT_BUNDLE_IDENTIFIER = "ahmed.M-commerce-AppUITests";
				PRODUCT_NAME = "$(TARGET_NAME)";
				SWIFT_EMIT_LOC_STRINGS = NO;
				SWIFT_VERSION = 5.0;
				TARGETED_DEVICE_FAMILY = "1,2";
				TEST_TARGET_NAME = "M-commerce-App";
			};
			name = Debug;
		};
		04B477B22DE3A1A700CC82F8 /* Release */ = {
			isa = XCBuildConfiguration;
			buildSettings = {
				ALWAYS_EMBED_SWIFT_STANDARD_LIBRARIES = YES;
				CODE_SIGN_STYLE = Automatic;
				CURRENT_PROJECT_VERSION = 1;
				GENERATE_INFOPLIST_FILE = YES;
				MARKETING_VERSION = 1.0;
				PRODUCT_BUNDLE_IDENTIFIER = "ahmed.M-commerce-AppUITests";
				PRODUCT_NAME = "$(TARGET_NAME)";
				SWIFT_EMIT_LOC_STRINGS = NO;
				SWIFT_VERSION = 5.0;
				TARGETED_DEVICE_FAMILY = "1,2";
				TEST_TARGET_NAME = "M-commerce-App";
			};
			name = Release;
		};
/* End XCBuildConfiguration section */

/* Begin XCConfigurationList section */
		04B4777C2DE3A1A400CC82F8 /* Build configuration list for PBXProject "M-commerce-App" */ = {
			isa = XCConfigurationList;
			buildConfigurations = (
				04B477A82DE3A1A700CC82F8 /* Debug */,
				04B477A92DE3A1A700CC82F8 /* Release */,
			);
			defaultConfigurationIsVisible = 0;
			defaultConfigurationName = Release;
		};
		04B477AA2DE3A1A700CC82F8 /* Build configuration list for PBXNativeTarget "M-commerce-App" */ = {
			isa = XCConfigurationList;
			buildConfigurations = (
				04B477AB2DE3A1A700CC82F8 /* Debug */,
				04B477AC2DE3A1A700CC82F8 /* Release */,
			);
			defaultConfigurationIsVisible = 0;
			defaultConfigurationName = Release;
		};
		04B477AD2DE3A1A700CC82F8 /* Build configuration list for PBXNativeTarget "M-commerce-AppTests" */ = {
			isa = XCConfigurationList;
			buildConfigurations = (
				04B477AE2DE3A1A700CC82F8 /* Debug */,
				04B477AF2DE3A1A700CC82F8 /* Release */,
			);
			defaultConfigurationIsVisible = 0;
			defaultConfigurationName = Release;
		};
		04B477B02DE3A1A700CC82F8 /* Build configuration list for PBXNativeTarget "M-commerce-AppUITests" */ = {
			isa = XCConfigurationList;
			buildConfigurations = (
				04B477B12DE3A1A700CC82F8 /* Debug */,
				04B477B22DE3A1A700CC82F8 /* Release */,
			);
			defaultConfigurationIsVisible = 0;
			defaultConfigurationName = Release;
		};
/* End XCConfigurationList section */

/* Begin XCRemoteSwiftPackageReference section */
		04B3291B2DF94E8D002CE2DD /* XCRemoteSwiftPackageReference "firebase-ios-sdk" */ = {
			isa = XCRemoteSwiftPackageReference;
			repositoryURL = "https://github.com/firebase/firebase-ios-sdk";
			requirement = {
				kind = exactVersion;
				version = 9.6.0;
			};
		};
		04B329212DF9E08D002CE2DD /* XCRemoteSwiftPackageReference "GoogleSignIn-iOS" */ = {
			isa = XCRemoteSwiftPackageReference;
			repositoryURL = "https://github.com/google/GoogleSignIn-iOS";
			requirement = {
				kind = exactVersion;
				version = 7.0.0;
			};
		};
		04D849362DF0CF3400564625 /* XCRemoteSwiftPackageReference "lottie-ios" */ = {
			isa = XCRemoteSwiftPackageReference;
			repositoryURL = "https://github.com/airbnb/lottie-ios";
			requirement = {
				kind = versionRange;
				maximumVersion = 5.0.0;
				minimumVersion = 4.0.0;
			};
		};
/* End XCRemoteSwiftPackageReference section */

/* Begin XCSwiftPackageProductDependency section */
		04B3291C2DF94E8D002CE2DD /* FirebaseAuth */ = {
			isa = XCSwiftPackageProductDependency;
			package = 04B3291B2DF94E8D002CE2DD /* XCRemoteSwiftPackageReference "firebase-ios-sdk" */;
			productName = FirebaseAuth;
		};
		04B329222DF9E08D002CE2DD /* GoogleSignIn */ = {
			isa = XCSwiftPackageProductDependency;
			package = 04B329212DF9E08D002CE2DD /* XCRemoteSwiftPackageReference "GoogleSignIn-iOS" */;
			productName = GoogleSignIn;
		};
		04B329242DF9E08D002CE2DD /* GoogleSignInSwift */ = {
			isa = XCSwiftPackageProductDependency;
			package = 04B329212DF9E08D002CE2DD /* XCRemoteSwiftPackageReference "GoogleSignIn-iOS" */;
			productName = GoogleSignInSwift;
		};
		04D849372DF0CF3400564625 /* Lottie */ = {
			isa = XCSwiftPackageProductDependency;
			package = 04D849362DF0CF3400564625 /* XCRemoteSwiftPackageReference "lottie-ios" */;
			productName = Lottie;
		};
/* End XCSwiftPackageProductDependency section */

/* Begin XCVersionGroup section */
		04B4778F2DE3A1A600CC82F8 /* M_commerce_App.xcdatamodeld */ = {
			isa = XCVersionGroup;
			children = (
				04B477902DE3A1A600CC82F8 /* M_commerce_App.xcdatamodel */,
			);
			currentVersion = 04B477902DE3A1A600CC82F8 /* M_commerce_App.xcdatamodel */;
			path = M_commerce_App.xcdatamodeld;
			sourceTree = "<group>";
			versionGroupType = wrapper.xcdatamodel;
		};
/* End XCVersionGroup section */
	};
	rootObject = 04B477792DE3A1A400CC82F8 /* Project object */;
}
