// !$*UTF8*$!
{
	archiveVersion = 1;
	classes = {
	};
	objectVersion = 56;
	objects = {

/* Begin PBXBuildFile section */
		041B956D2E019C010090934C /* EmailVerificationView.swift in Sources */ = {isa = PBXBuildFile; fileRef = 041B956C2E019C010090934C /* EmailVerificationView.swift */; };
		0474056C2DF11BAD0047C6C2 /* SignUpView.swift in Sources */ = {isa = PBXBuildFile; fileRef = 0474056B2DF11BAD0047C6C2 /* SignUpView.swift */; };
		04B23D1F2E044B5500F87FF2 /* FirebaseAuth in Frameworks */ = {isa = PBXBuildFile; productRef = 04B23D1E2E044B5500F87FF2 /* FirebaseAuth */; };
		04B23D212E044B5500F87FF2 /* FirebaseFirestore in Frameworks */ = {isa = PBXBuildFile; productRef = 04B23D202E044B5500F87FF2 /* FirebaseFirestore */; };
		04B329232DF9E08D002CE2DD /* GoogleSignIn in Frameworks */ = {isa = PBXBuildFile; productRef = 04B329222DF9E08D002CE2DD /* GoogleSignIn */; };
		04B329252DF9E08D002CE2DD /* GoogleSignInSwift in Frameworks */ = {isa = PBXBuildFile; productRef = 04B329242DF9E08D002CE2DD /* GoogleSignInSwift */; };
		04B477852DE3A1A400CC82F8 /* M_commerce_AppApp.swift in Sources */ = {isa = PBXBuildFile; fileRef = 04B477842DE3A1A400CC82F8 /* M_commerce_AppApp.swift */; };
		04B477872DE3A1A500CC82F8 /* ContentView.swift in Sources */ = {isa = PBXBuildFile; fileRef = 04B477862DE3A1A400CC82F8 /* ContentView.swift */; };
		04B477892DE3A1A600CC82F8 /* Assets.xcassets in Resources */ = {isa = PBXBuildFile; fileRef = 04B477882DE3A1A600CC82F8 /* Assets.xcassets */; };
		04B4778C2DE3A1A600CC82F8 /* Preview Assets.xcassets in Resources */ = {isa = PBXBuildFile; fileRef = 04B4778B2DE3A1A600CC82F8 /* Preview Assets.xcassets */; };
		04B4778E2DE3A1A600CC82F8 /* Persistence.swift in Sources */ = {isa = PBXBuildFile; fileRef = 04B4778D2DE3A1A600CC82F8 /* Persistence.swift */; };
		04B477912DE3A1A600CC82F8 /* M_commerce_App.xcdatamodeld in Sources */ = {isa = PBXBuildFile; fileRef = 04B4778F2DE3A1A600CC82F8 /* M_commerce_App.xcdatamodeld */; };
		04B4779B2DE3A1A700CC82F8 /* M_commerce_AppTests.swift in Sources */ = {isa = PBXBuildFile; fileRef = 04B4779A2DE3A1A700CC82F8 /* M_commerce_AppTests.swift */; };
		04B477A52DE3A1A700CC82F8 /* M_commerce_AppUITests.swift in Sources */ = {isa = PBXBuildFile; fileRef = 04B477A42DE3A1A700CC82F8 /* M_commerce_AppUITests.swift */; };
		04B477A72DE3A1A700CC82F8 /* M_commerce_AppUITestsLaunchTests.swift in Sources */ = {isa = PBXBuildFile; fileRef = 04B477A62DE3A1A700CC82F8 /* M_commerce_AppUITestsLaunchTests.swift */; };
		04B5A65B2DF0F8CD0044E0FD /* OnboardingView2.swift in Sources */ = {isa = PBXBuildFile; fileRef = 04B5A65A2DF0F8CD0044E0FD /* OnboardingView2.swift */; };
		04B5A65D2DF0FEDA0044E0FD /* LoginView.swift in Sources */ = {isa = PBXBuildFile; fileRef = 04B5A65C2DF0FEDA0044E0FD /* LoginView.swift */; };
		04C46D5C2DF7840F0077AC37 /* ProductDetailsView.swift in Sources */ = {isa = PBXBuildFile; fileRef = 04C46D5B2DF7840F0077AC37 /* ProductDetailsView.swift */; };
		04D849352DF0CE7E00564625 /* onboard.json in Resources */ = {isa = PBXBuildFile; fileRef = 04D849342DF0CE7E00564625 /* onboard.json */; };
		04D849382DF0CF3400564625 /* Lottie in Frameworks */ = {isa = PBXBuildFile; productRef = 04D849372DF0CF3400564625 /* Lottie */; };
		04D8493D2DF0DCAD00564625 /* OnboardingView.swift in Sources */ = {isa = PBXBuildFile; fileRef = 04D8493C2DF0DCAD00564625 /* OnboardingView.swift */; };
		04D8493F2DF0DCF800564625 /* SplashView.swift in Sources */ = {isa = PBXBuildFile; fileRef = 04D8493E2DF0DCF800564625 /* SplashView.swift */; };
		04D849412DF0DD3B00564625 /* LottieView.swift in Sources */ = {isa = PBXBuildFile; fileRef = 04D849402DF0DD3B00564625 /* LottieView.swift */; };
		04EE3A912E0757F9007AE876 /* Lottie in Frameworks */ = {isa = PBXBuildFile; productRef = 04EE3A902E0757F9007AE876 /* Lottie */; };
		04EE3A932E0757FE007AE876 /* GoogleSignIn in Frameworks */ = {isa = PBXBuildFile; productRef = 04EE3A922E0757FE007AE876 /* GoogleSignIn */; };
		04EE3A952E075803007AE876 /* GoogleSignInSwift in Frameworks */ = {isa = PBXBuildFile; productRef = 04EE3A942E075803007AE876 /* GoogleSignInSwift */; };
		04EE3A972E07580B007AE876 /* FirebaseAuth in Frameworks */ = {isa = PBXBuildFile; productRef = 04EE3A962E07580B007AE876 /* FirebaseAuth */; };
		04EE3A992E075819007AE876 /* FirebaseFirestore in Frameworks */ = {isa = PBXBuildFile; productRef = 04EE3A982E075819007AE876 /* FirebaseFirestore */; };
		04F6AE0A2E007ED200BBC2FA /* FavoritesManager.swift in Sources */ = {isa = PBXBuildFile; fileRef = 04F6AE092E007ED200BBC2FA /* FavoritesManager.swift */; };
		04F6AE0C2E00919200BBC2FA /* NetworkMonitor.swift in Sources */ = {isa = PBXBuildFile; fileRef = 04F6AE0B2E00919200BBC2FA /* NetworkMonitor.swift */; };
		223477152DFF1DF9000FB708 /* HomeView.swift in Sources */ = {isa = PBXBuildFile; fileRef = 223477142DFF1DF9000FB708 /* HomeView.swift */; };
		223477632DFF1F07000FB708 /* UserDefaultsKeys.swift in Sources */ = {isa = PBXBuildFile; fileRef = 223477622DFF1F07000FB708 /* UserDefaultsKeys.swift */; };
		223477662DFF1F0D000FB708 /* Toast.swift in Sources */ = {isa = PBXBuildFile; fileRef = 223477652DFF1F0D000FB708 /* Toast.swift */; };
		2234776A2DFF2059000FB708 /* TabBarVisibilityManager.swift in Sources */ = {isa = PBXBuildFile; fileRef = 223477692DFF2059000FB708 /* TabBarVisibilityManager.swift */; };
		225309D62E05AC8200E47BAD /* CartServices.swift in Sources */ = {isa = PBXBuildFile; fileRef = 225309D52E05AC8200E47BAD /* CartServices.swift */; };
		225309D82E05BB6700E47BAD /* DraftOrders.swift in Sources */ = {isa = PBXBuildFile; fileRef = 225309D72E05BB6700E47BAD /* DraftOrders.swift */; };
		225309DA2E05D75900E47BAD /* Image.swift in Sources */ = {isa = PBXBuildFile; fileRef = 225309D92E05D75900E47BAD /* Image.swift */; };
		225309DD2E05E3E500E47BAD /* ShopifyAPIError.swift in Sources */ = {isa = PBXBuildFile; fileRef = 225309DC2E05E3E500E47BAD /* ShopifyAPIError.swift */; };
		225DD6D72DFC8B69002681B3 /* GoogleService-Info.plist in Resources */ = {isa = PBXBuildFile; fileRef = 225DD6D62DFC8B69002681B3 /* GoogleService-Info.plist */; };
		225DD6D92DFC8C4D002681B3 /* FloatingTabBar.swift in Sources */ = {isa = PBXBuildFile; fileRef = 225DD6D82DFC8C4D002681B3 /* FloatingTabBar.swift */; };
		225DD6DB2DFC8CFE002681B3 /* ImgCouponView.swift in Sources */ = {isa = PBXBuildFile; fileRef = 225DD6DA2DFC8CFE002681B3 /* ImgCouponView.swift */; };
		225DD6DD2DFC8DB6002681B3 /* ToolBar.swift in Sources */ = {isa = PBXBuildFile; fileRef = 225DD6DC2DFC8DB6002681B3 /* ToolBar.swift */; };
		225DD6E32DFC8E52002681B3 /* Brand.swift in Sources */ = {isa = PBXBuildFile; fileRef = 225DD6E22DFC8E52002681B3 /* Brand.swift */; };
		225DD6E52DFC8E79002681B3 /* Product.swift in Sources */ = {isa = PBXBuildFile; fileRef = 225DD6E42DFC8E79002681B3 /* Product.swift */; };
		225DD6E72DFC8EC6002681B3 /*  HomeView.swift in Sources */ = {isa = PBXBuildFile; fileRef = 225DD6E62DFC8EC6002681B3 /*  HomeView.swift */; };
		225DD6E92DFC8EFE002681B3 /* ProductsView.swift in Sources */ = {isa = PBXBuildFile; fileRef = 225DD6E82DFC8EFE002681B3 /* ProductsView.swift */; };
		225DD6EB2DFC8F4B002681B3 /* HomeViewModel.swift in Sources */ = {isa = PBXBuildFile; fileRef = 225DD6EA2DFC8F4B002681B3 /* HomeViewModel.swift */; };
		225DD6ED2DFC8F99002681B3 /* ProductsViewModel.swift in Sources */ = {isa = PBXBuildFile; fileRef = 225DD6EC2DFC8F99002681B3 /* ProductsViewModel.swift */; };
		225DD6F32DFC9024002681B3 /* CustomCollection.swift in Sources */ = {isa = PBXBuildFile; fileRef = 225DD6F22DFC9024002681B3 /* CustomCollection.swift */; };
		225DD6F52DFC9082002681B3 /* CategoryView.swift in Sources */ = {isa = PBXBuildFile; fileRef = 225DD6F42DFC9082002681B3 /* CategoryView.swift */; };
		225DD6F72DFC90BD002681B3 /* ProductCardView.swift in Sources */ = {isa = PBXBuildFile; fileRef = 225DD6F62DFC90BD002681B3 /* ProductCardView.swift */; };
		225DD6F92DFC9103002681B3 /* ProductViewModel.swift in Sources */ = {isa = PBXBuildFile; fileRef = 225DD6F82DFC9103002681B3 /* ProductViewModel.swift */; };
		227EAC502DFDD5A300F0D300 /* CartView.swift in Sources */ = {isa = PBXBuildFile; fileRef = 227EAC4F2DFDD5A300F0D300 /* CartView.swift */; };
		227EAC522DFDD5B800F0D300 /* FavoriteView.swift in Sources */ = {isa = PBXBuildFile; fileRef = 227EAC512DFDD5B800F0D300 /* FavoriteView.swift */; };
		227EAC542DFDD76100F0D300 /* BaseProductViewModel.swift in Sources */ = {isa = PBXBuildFile; fileRef = 227EAC532DFDD76100F0D300 /* BaseProductViewModel.swift */; };
		227EAC562DFDD94400F0D300 /* CategeoryViemModels.swift in Sources */ = {isa = PBXBuildFile; fileRef = 227EAC552DFDD94400F0D300 /* CategeoryViemModels.swift */; };
		227EAC582DFDD99200F0D300 /* MenView.swift in Sources */ = {isa = PBXBuildFile; fileRef = 227EAC572DFDD99200F0D300 /* MenView.swift */; };
		227EAC5A2DFDD9FD00F0D300 /* ProductGridView.swift in Sources */ = {isa = PBXBuildFile; fileRef = 227EAC592DFDD9FD00F0D300 /* ProductGridView.swift */; };
		227EAC5C2DFDDA6D00F0D300 /* WomenView.swift in Sources */ = {isa = PBXBuildFile; fileRef = 227EAC5B2DFDDA6D00F0D300 /* WomenView.swift */; };
		227EAC5E2DFDDABE00F0D300 /* KidsView.swift in Sources */ = {isa = PBXBuildFile; fileRef = 227EAC5D2DFDDABE00F0D300 /* KidsView.swift */; };
		227EAC602DFDDAFD00F0D300 /* SaleView.swift in Sources */ = {isa = PBXBuildFile; fileRef = 227EAC5F2DFDDAFD00F0D300 /* SaleView.swift */; };
		22E01BC42E075E780094D800 /* HomeViewModelTest.swift in Sources */ = {isa = PBXBuildFile; fileRef = 22E01BC32E075E780094D800 /* HomeViewModelTest.swift */; };
		22E01BC62E0761E20094D800 /* ProductsViewModelTest.swift in Sources */ = {isa = PBXBuildFile; fileRef = 22E01BC52E0761E20094D800 /* ProductsViewModelTest.swift */; };
		22F696222DFF41C500D2E247 /* SettingsViewModel.swift in Sources */ = {isa = PBXBuildFile; fileRef = 22F695FB2DFF41C400D2E247 /* SettingsViewModel.swift */; };
		22F696232DFF41C500D2E247 /* LocationViewModel.swift in Sources */ = {isa = PBXBuildFile; fileRef = 22F695FC2DFF41C400D2E247 /* LocationViewModel.swift */; };
		22F696242DFF41C500D2E247 /* Address.swift in Sources */ = {isa = PBXBuildFile; fileRef = 22F695FE2DFF41C400D2E247 /* Address.swift */; };
		22F696252DFF41C500D2E247 /* City.swift in Sources */ = {isa = PBXBuildFile; fileRef = 22F695FF2DFF41C400D2E247 /* City.swift */; };
		22F696262DFF41C500D2E247 /* Currency.swift in Sources */ = {isa = PBXBuildFile; fileRef = 22F696002DFF41C400D2E247 /* Currency.swift */; };
		22F696272DFF41C500D2E247 /* ShopifyLocationService.swift in Sources */ = {isa = PBXBuildFile; fileRef = 22F696022DFF41C400D2E247 /* ShopifyLocationService.swift */; };
		22F696282DFF41C500D2E247 /* SettingsNetworkManager.swift in Sources */ = {isa = PBXBuildFile; fileRef = 22F696032DFF41C400D2E247 /* SettingsNetworkManager.swift */; };
		22F696292DFF41C500D2E247 /* UserIfon.swift in Sources */ = {isa = PBXBuildFile; fileRef = 22F696042DFF41C400D2E247 /* UserIfon.swift */; };
		22F6962A2DFF41C500D2E247 /* Country.swift in Sources */ = {isa = PBXBuildFile; fileRef = 22F696052DFF41C400D2E247 /* Country.swift */; };
		22F6962B2DFF41C500D2E247 /* ContactUsView.swift in Sources */ = {isa = PBXBuildFile; fileRef = 22F696072DFF41C400D2E247 /* ContactUsView.swift */; };
		22F6962C2DFF41C500D2E247 /* SettingsView.swift in Sources */ = {isa = PBXBuildFile; fileRef = 22F696082DFF41C400D2E247 /* SettingsView.swift */; };
		22F6962D2DFF41C500D2E247 /* CountryPicker.swift in Sources */ = {isa = PBXBuildFile; fileRef = 22F6960A2DFF41C400D2E247 /* CountryPicker.swift */; };
		22F6962E2DFF41C500D2E247 /* CityRow.swift in Sources */ = {isa = PBXBuildFile; fileRef = 22F6960B2DFF41C400D2E247 /* CityRow.swift */; };
		22F6962F2DFF41C500D2E247 /* AddressFormField.swift in Sources */ = {isa = PBXBuildFile; fileRef = 22F6960C2DFF41C400D2E247 /* AddressFormField.swift */; };
		22F696302DFF41C500D2E247 /* CustomSettingField.swift in Sources */ = {isa = PBXBuildFile; fileRef = 22F6960D2DFF41C400D2E247 /* CustomSettingField.swift */; };
		22F696312DFF41C500D2E247 /* CustomSegment.swift in Sources */ = {isa = PBXBuildFile; fileRef = 22F6960E2DFF41C400D2E247 /* CustomSegment.swift */; };
		22F696322DFF41C500D2E247 /* AdderssBody.swift in Sources */ = {isa = PBXBuildFile; fileRef = 22F6960F2DFF41C400D2E247 /* AdderssBody.swift */; };
		22F696332DFF41C500D2E247 /* SearchCountryBar.swift in Sources */ = {isa = PBXBuildFile; fileRef = 22F696102DFF41C400D2E247 /* SearchCountryBar.swift */; };
		22F696342DFF41C500D2E247 /* CountryPickerModal.swift in Sources */ = {isa = PBXBuildFile; fileRef = 22F696112DFF41C400D2E247 /* CountryPickerModal.swift */; };
		22F696352DFF41C500D2E247 /* CountrySelectionButton.swift in Sources */ = {isa = PBXBuildFile; fileRef = 22F696122DFF41C400D2E247 /* CountrySelectionButton.swift */; };
		22F696362DFF41C500D2E247 /* CountryRow.swift in Sources */ = {isa = PBXBuildFile; fileRef = 22F696132DFF41C400D2E247 /* CountryRow.swift */; };
		22F696372DFF41C500D2E247 /* SubmitAddrressButton.swift in Sources */ = {isa = PBXBuildFile; fileRef = 22F696142DFF41C400D2E247 /* SubmitAddrressButton.swift */; };
		22F696382DFF41C500D2E247 /* CitySelectionButton.swift in Sources */ = {isa = PBXBuildFile; fileRef = 22F696152DFF41C400D2E247 /* CitySelectionButton.swift */; };
		22F696392DFF41C500D2E247 /* CityPicker.swift in Sources */ = {isa = PBXBuildFile; fileRef = 22F696162DFF41C400D2E247 /* CityPicker.swift */; };
		22F6963A2DFF41C500D2E247 /* CityPickerModal.swift in Sources */ = {isa = PBXBuildFile; fileRef = 22F696172DFF41C400D2E247 /* CityPickerModal.swift */; };
		22F6963B2DFF41C500D2E247 /* AboutUsView.swift in Sources */ = {isa = PBXBuildFile; fileRef = 22F696182DFF41C400D2E247 /* AboutUsView.swift */; };
		22F6963C2DFF41C500D2E247 /* SupportSettings.swift in Sources */ = {isa = PBXBuildFile; fileRef = 22F6961A2DFF41C400D2E247 /* SupportSettings.swift */; };
		22F6963D2DFF41C500D2E247 /* HeaderSettings.swift in Sources */ = {isa = PBXBuildFile; fileRef = 22F6961B2DFF41C400D2E247 /* HeaderSettings.swift */; };
		22F6963E2DFF41C500D2E247 /* CurrencyPickerView.swift in Sources */ = {isa = PBXBuildFile; fileRef = 22F6961C2DFF41C400D2E247 /* CurrencyPickerView.swift */; };
		22F6963F2DFF41C500D2E247 /* UserSettings.swift in Sources */ = {isa = PBXBuildFile; fileRef = 22F6961D2DFF41C400D2E247 /* UserSettings.swift */; };
		22F696402DFF41C500D2E247 /* SettingItem.swift in Sources */ = {isa = PBXBuildFile; fileRef = 22F6961E2DFF41C400D2E247 /* SettingItem.swift */; };
		22F696412DFF41C500D2E247 /* AccountSettings.swift in Sources */ = {isa = PBXBuildFile; fileRef = 22F6961F2DFF41C400D2E247 /* AccountSettings.swift */; };
		22F696422DFF41C500D2E247 /* SectionHeader.swift in Sources */ = {isa = PBXBuildFile; fileRef = 22F696202DFF41C400D2E247 /* SectionHeader.swift */; };
		22F696432DFF41C500D2E247 /* AddressView.swift in Sources */ = {isa = PBXBuildFile; fileRef = 22F696212DFF41C400D2E247 /* AddressView.swift */; };
		22FDE3992E043EF100A33FE1 /* CartViewModel.swift in Sources */ = {isa = PBXBuildFile; fileRef = 22FDE3982E043EF100A33FE1 /* CartViewModel.swift */; };
		22FDE39D2E043F7200A33FE1 /* ProductRow.swift in Sources */ = {isa = PBXBuildFile; fileRef = 22FDE39C2E043F7200A33FE1 /* ProductRow.swift */; };
		22FDE39F2E04417600A33FE1 /* PaymentButton.swift in Sources */ = {isa = PBXBuildFile; fileRef = 22FDE39E2E04417600A33FE1 /* PaymentButton.swift */; };
		22FDE3A22E04465000A33FE1 /* Cart.swift in Sources */ = {isa = PBXBuildFile; fileRef = 22FDE3A12E04465000A33FE1 /* Cart.swift */; };
/* End PBXBuildFile section */

/* Begin PBXContainerItemProxy section */
		04B477972DE3A1A700CC82F8 /* PBXContainerItemProxy */ = {
			isa = PBXContainerItemProxy;
			containerPortal = 04B477792DE3A1A400CC82F8 /* Project object */;
			proxyType = 1;
			remoteGlobalIDString = 04B477802DE3A1A400CC82F8;
			remoteInfo = "M-commerce-App";
		};
		04B477A12DE3A1A700CC82F8 /* PBXContainerItemProxy */ = {
			isa = PBXContainerItemProxy;
			containerPortal = 04B477792DE3A1A400CC82F8 /* Project object */;
			proxyType = 1;
			remoteGlobalIDString = 04B477802DE3A1A400CC82F8;
			remoteInfo = "M-commerce-App";
		};
/* End PBXContainerItemProxy section */

/* Begin PBXFileReference section */
		041B956C2E019C010090934C /* EmailVerificationView.swift */ = {isa = PBXFileReference; lastKnownFileType = sourcecode.swift; path = EmailVerificationView.swift; sourceTree = "<group>"; };
		0474056B2DF11BAD0047C6C2 /* SignUpView.swift */ = {isa = PBXFileReference; lastKnownFileType = sourcecode.swift; path = SignUpView.swift; sourceTree = "<group>"; };
		04B477812DE3A1A400CC82F8 /* M-commerce-App.app */ = {isa = PBXFileReference; explicitFileType = wrapper.application; includeInIndex = 0; path = "M-commerce-App.app"; sourceTree = BUILT_PRODUCTS_DIR; };
		04B477842DE3A1A400CC82F8 /* M_commerce_AppApp.swift */ = {isa = PBXFileReference; lastKnownFileType = sourcecode.swift; path = M_commerce_AppApp.swift; sourceTree = "<group>"; };
		04B477862DE3A1A400CC82F8 /* ContentView.swift */ = {isa = PBXFileReference; lastKnownFileType = sourcecode.swift; path = ContentView.swift; sourceTree = "<group>"; };
		04B477882DE3A1A600CC82F8 /* Assets.xcassets */ = {isa = PBXFileReference; lastKnownFileType = folder.assetcatalog; path = Assets.xcassets; sourceTree = "<group>"; };
		04B4778B2DE3A1A600CC82F8 /* Preview Assets.xcassets */ = {isa = PBXFileReference; lastKnownFileType = folder.assetcatalog; path = "Preview Assets.xcassets"; sourceTree = "<group>"; };
		04B4778D2DE3A1A600CC82F8 /* Persistence.swift */ = {isa = PBXFileReference; lastKnownFileType = sourcecode.swift; path = Persistence.swift; sourceTree = "<group>"; };
		04B477902DE3A1A600CC82F8 /* M_commerce_App.xcdatamodel */ = {isa = PBXFileReference; lastKnownFileType = wrapper.xcdatamodel; path = M_commerce_App.xcdatamodel; sourceTree = "<group>"; };
		04B477962DE3A1A700CC82F8 /* M-commerce-AppTests.xctest */ = {isa = PBXFileReference; explicitFileType = wrapper.cfbundle; includeInIndex = 0; path = "M-commerce-AppTests.xctest"; sourceTree = BUILT_PRODUCTS_DIR; };
		04B4779A2DE3A1A700CC82F8 /* M_commerce_AppTests.swift */ = {isa = PBXFileReference; lastKnownFileType = sourcecode.swift; path = M_commerce_AppTests.swift; sourceTree = "<group>"; };
		04B477A02DE3A1A700CC82F8 /* M-commerce-AppUITests.xctest */ = {isa = PBXFileReference; explicitFileType = wrapper.cfbundle; includeInIndex = 0; path = "M-commerce-AppUITests.xctest"; sourceTree = BUILT_PRODUCTS_DIR; };
		04B477A42DE3A1A700CC82F8 /* M_commerce_AppUITests.swift */ = {isa = PBXFileReference; lastKnownFileType = sourcecode.swift; path = M_commerce_AppUITests.swift; sourceTree = "<group>"; };
		04B477A62DE3A1A700CC82F8 /* M_commerce_AppUITestsLaunchTests.swift */ = {isa = PBXFileReference; lastKnownFileType = sourcecode.swift; path = M_commerce_AppUITestsLaunchTests.swift; sourceTree = "<group>"; };
		04B5A65A2DF0F8CD0044E0FD /* OnboardingView2.swift */ = {isa = PBXFileReference; lastKnownFileType = sourcecode.swift; path = OnboardingView2.swift; sourceTree = "<group>"; };
		04B5A65C2DF0FEDA0044E0FD /* LoginView.swift */ = {isa = PBXFileReference; lastKnownFileType = sourcecode.swift; path = LoginView.swift; sourceTree = "<group>"; };
		04C46D5B2DF7840F0077AC37 /* ProductDetailsView.swift */ = {isa = PBXFileReference; lastKnownFileType = sourcecode.swift; path = ProductDetailsView.swift; sourceTree = "<group>"; };
		04D849342DF0CE7E00564625 /* onboard.json */ = {isa = PBXFileReference; fileEncoding = 4; lastKnownFileType = text.json; path = onboard.json; sourceTree = "<group>"; };
		04D8493C2DF0DCAD00564625 /* OnboardingView.swift */ = {isa = PBXFileReference; lastKnownFileType = sourcecode.swift; path = OnboardingView.swift; sourceTree = "<group>"; };
		04D8493E2DF0DCF800564625 /* SplashView.swift */ = {isa = PBXFileReference; lastKnownFileType = sourcecode.swift; path = SplashView.swift; sourceTree = "<group>"; };
		04D849402DF0DD3B00564625 /* LottieView.swift */ = {isa = PBXFileReference; lastKnownFileType = sourcecode.swift; path = LottieView.swift; sourceTree = "<group>"; };
		04F6AE092E007ED200BBC2FA /* FavoritesManager.swift */ = {isa = PBXFileReference; lastKnownFileType = sourcecode.swift; path = FavoritesManager.swift; sourceTree = "<group>"; };
		04F6AE0B2E00919200BBC2FA /* NetworkMonitor.swift */ = {isa = PBXFileReference; lastKnownFileType = sourcecode.swift; path = NetworkMonitor.swift; sourceTree = "<group>"; };
		223477142DFF1DF9000FB708 /* HomeView.swift */ = {isa = PBXFileReference; fileEncoding = 4; lastKnownFileType = sourcecode.swift; path = HomeView.swift; sourceTree = "<group>"; };
		223477622DFF1F07000FB708 /* UserDefaultsKeys.swift */ = {isa = PBXFileReference; fileEncoding = 4; lastKnownFileType = sourcecode.swift; path = UserDefaultsKeys.swift; sourceTree = "<group>"; };
		223477652DFF1F0D000FB708 /* Toast.swift */ = {isa = PBXFileReference; fileEncoding = 4; lastKnownFileType = sourcecode.swift; path = Toast.swift; sourceTree = "<group>"; };
		223477692DFF2059000FB708 /* TabBarVisibilityManager.swift */ = {isa = PBXFileReference; lastKnownFileType = sourcecode.swift; path = TabBarVisibilityManager.swift; sourceTree = "<group>"; };
		225309D52E05AC8200E47BAD /* CartServices.swift */ = {isa = PBXFileReference; lastKnownFileType = sourcecode.swift; path = CartServices.swift; sourceTree = "<group>"; };
		225309D72E05BB6700E47BAD /* DraftOrders.swift */ = {isa = PBXFileReference; lastKnownFileType = sourcecode.swift; path = DraftOrders.swift; sourceTree = "<group>"; };
		225309D92E05D75900E47BAD /* Image.swift */ = {isa = PBXFileReference; lastKnownFileType = sourcecode.swift; path = Image.swift; sourceTree = "<group>"; };
		225309DC2E05E3E500E47BAD /* ShopifyAPIError.swift */ = {isa = PBXFileReference; lastKnownFileType = sourcecode.swift; path = ShopifyAPIError.swift; sourceTree = "<group>"; };
		225DD6D62DFC8B69002681B3 /* GoogleService-Info.plist */ = {isa = PBXFileReference; fileEncoding = 4; lastKnownFileType = text.plist.xml; path = "GoogleService-Info.plist"; sourceTree = "<group>"; };
		225DD6D82DFC8C4D002681B3 /* FloatingTabBar.swift */ = {isa = PBXFileReference; lastKnownFileType = sourcecode.swift; path = FloatingTabBar.swift; sourceTree = "<group>"; };
		225DD6DA2DFC8CFE002681B3 /* ImgCouponView.swift */ = {isa = PBXFileReference; lastKnownFileType = sourcecode.swift; path = ImgCouponView.swift; sourceTree = "<group>"; };
		225DD6DC2DFC8DB6002681B3 /* ToolBar.swift */ = {isa = PBXFileReference; lastKnownFileType = sourcecode.swift; path = ToolBar.swift; sourceTree = "<group>"; };
		225DD6E22DFC8E52002681B3 /* Brand.swift */ = {isa = PBXFileReference; lastKnownFileType = sourcecode.swift; path = Brand.swift; sourceTree = "<group>"; };
		225DD6E42DFC8E79002681B3 /* Product.swift */ = {isa = PBXFileReference; lastKnownFileType = sourcecode.swift; path = Product.swift; sourceTree = "<group>"; };
		225DD6E62DFC8EC6002681B3 /*  HomeView.swift */ = {isa = PBXFileReference; lastKnownFileType = sourcecode.swift; path = " HomeView.swift"; sourceTree = "<group>"; };
		225DD6E82DFC8EFE002681B3 /* ProductsView.swift */ = {isa = PBXFileReference; lastKnownFileType = sourcecode.swift; path = ProductsView.swift; sourceTree = "<group>"; };
		225DD6EA2DFC8F4B002681B3 /* HomeViewModel.swift */ = {isa = PBXFileReference; lastKnownFileType = sourcecode.swift; path = HomeViewModel.swift; sourceTree = "<group>"; };
		225DD6EC2DFC8F99002681B3 /* ProductsViewModel.swift */ = {isa = PBXFileReference; lastKnownFileType = sourcecode.swift; path = ProductsViewModel.swift; sourceTree = "<group>"; };
		225DD6F22DFC9024002681B3 /* CustomCollection.swift */ = {isa = PBXFileReference; lastKnownFileType = sourcecode.swift; path = CustomCollection.swift; sourceTree = "<group>"; };
		225DD6F42DFC9082002681B3 /* CategoryView.swift */ = {isa = PBXFileReference; lastKnownFileType = sourcecode.swift; path = CategoryView.swift; sourceTree = "<group>"; };
		225DD6F62DFC90BD002681B3 /* ProductCardView.swift */ = {isa = PBXFileReference; lastKnownFileType = sourcecode.swift; path = ProductCardView.swift; sourceTree = "<group>"; };
		225DD6F82DFC9103002681B3 /* ProductViewModel.swift */ = {isa = PBXFileReference; lastKnownFileType = sourcecode.swift; path = ProductViewModel.swift; sourceTree = "<group>"; };
		227EAC4F2DFDD5A300F0D300 /* CartView.swift */ = {isa = PBXFileReference; lastKnownFileType = sourcecode.swift; path = CartView.swift; sourceTree = "<group>"; };
		227EAC512DFDD5B800F0D300 /* FavoriteView.swift */ = {isa = PBXFileReference; lastKnownFileType = sourcecode.swift; path = FavoriteView.swift; sourceTree = "<group>"; };
		227EAC532DFDD76100F0D300 /* BaseProductViewModel.swift */ = {isa = PBXFileReference; lastKnownFileType = sourcecode.swift; path = BaseProductViewModel.swift; sourceTree = "<group>"; };
		227EAC552DFDD94400F0D300 /* CategeoryViemModels.swift */ = {isa = PBXFileReference; lastKnownFileType = sourcecode.swift; path = CategeoryViemModels.swift; sourceTree = "<group>"; };
		227EAC572DFDD99200F0D300 /* MenView.swift */ = {isa = PBXFileReference; lastKnownFileType = sourcecode.swift; path = MenView.swift; sourceTree = "<group>"; };
		227EAC592DFDD9FD00F0D300 /* ProductGridView.swift */ = {isa = PBXFileReference; lastKnownFileType = sourcecode.swift; path = ProductGridView.swift; sourceTree = "<group>"; };
		227EAC5B2DFDDA6D00F0D300 /* WomenView.swift */ = {isa = PBXFileReference; lastKnownFileType = sourcecode.swift; path = WomenView.swift; sourceTree = "<group>"; };
		227EAC5D2DFDDABE00F0D300 /* KidsView.swift */ = {isa = PBXFileReference; lastKnownFileType = sourcecode.swift; path = KidsView.swift; sourceTree = "<group>"; };
		227EAC5F2DFDDAFD00F0D300 /* SaleView.swift */ = {isa = PBXFileReference; lastKnownFileType = sourcecode.swift; path = SaleView.swift; sourceTree = "<group>"; };
		22E01BC32E075E780094D800 /* HomeViewModelTest.swift */ = {isa = PBXFileReference; lastKnownFileType = sourcecode.swift; path = HomeViewModelTest.swift; sourceTree = "<group>"; };
		22E01BC52E0761E20094D800 /* ProductsViewModelTest.swift */ = {isa = PBXFileReference; lastKnownFileType = sourcecode.swift; path = ProductsViewModelTest.swift; sourceTree = "<group>"; };
		22F695FB2DFF41C400D2E247 /* SettingsViewModel.swift */ = {isa = PBXFileReference; fileEncoding = 4; lastKnownFileType = sourcecode.swift; path = SettingsViewModel.swift; sourceTree = "<group>"; };
		22F695FC2DFF41C400D2E247 /* LocationViewModel.swift */ = {isa = PBXFileReference; fileEncoding = 4; lastKnownFileType = sourcecode.swift; path = LocationViewModel.swift; sourceTree = "<group>"; };
		22F695FE2DFF41C400D2E247 /* Address.swift */ = {isa = PBXFileReference; fileEncoding = 4; lastKnownFileType = sourcecode.swift; path = Address.swift; sourceTree = "<group>"; };
		22F695FF2DFF41C400D2E247 /* City.swift */ = {isa = PBXFileReference; fileEncoding = 4; lastKnownFileType = sourcecode.swift; path = City.swift; sourceTree = "<group>"; };
		22F696002DFF41C400D2E247 /* Currency.swift */ = {isa = PBXFileReference; fileEncoding = 4; lastKnownFileType = sourcecode.swift; path = Currency.swift; sourceTree = "<group>"; };
		22F696022DFF41C400D2E247 /* ShopifyLocationService.swift */ = {isa = PBXFileReference; fileEncoding = 4; lastKnownFileType = sourcecode.swift; path = ShopifyLocationService.swift; sourceTree = "<group>"; };
		22F696032DFF41C400D2E247 /* SettingsNetworkManager.swift */ = {isa = PBXFileReference; fileEncoding = 4; lastKnownFileType = sourcecode.swift; path = SettingsNetworkManager.swift; sourceTree = "<group>"; };
		22F696042DFF41C400D2E247 /* UserIfon.swift */ = {isa = PBXFileReference; fileEncoding = 4; lastKnownFileType = sourcecode.swift; path = UserIfon.swift; sourceTree = "<group>"; };
		22F696052DFF41C400D2E247 /* Country.swift */ = {isa = PBXFileReference; fileEncoding = 4; lastKnownFileType = sourcecode.swift; path = Country.swift; sourceTree = "<group>"; };
		22F696072DFF41C400D2E247 /* ContactUsView.swift */ = {isa = PBXFileReference; fileEncoding = 4; lastKnownFileType = sourcecode.swift; path = ContactUsView.swift; sourceTree = "<group>"; };
		22F696082DFF41C400D2E247 /* SettingsView.swift */ = {isa = PBXFileReference; fileEncoding = 4; lastKnownFileType = sourcecode.swift; path = SettingsView.swift; sourceTree = "<group>"; };
		22F6960A2DFF41C400D2E247 /* CountryPicker.swift */ = {isa = PBXFileReference; fileEncoding = 4; lastKnownFileType = sourcecode.swift; path = CountryPicker.swift; sourceTree = "<group>"; };
		22F6960B2DFF41C400D2E247 /* CityRow.swift */ = {isa = PBXFileReference; fileEncoding = 4; lastKnownFileType = sourcecode.swift; path = CityRow.swift; sourceTree = "<group>"; };
		22F6960C2DFF41C400D2E247 /* AddressFormField.swift */ = {isa = PBXFileReference; fileEncoding = 4; lastKnownFileType = sourcecode.swift; path = AddressFormField.swift; sourceTree = "<group>"; };
		22F6960D2DFF41C400D2E247 /* CustomSettingField.swift */ = {isa = PBXFileReference; fileEncoding = 4; lastKnownFileType = sourcecode.swift; path = CustomSettingField.swift; sourceTree = "<group>"; };
		22F6960E2DFF41C400D2E247 /* CustomSegment.swift */ = {isa = PBXFileReference; fileEncoding = 4; lastKnownFileType = sourcecode.swift; path = CustomSegment.swift; sourceTree = "<group>"; };
		22F6960F2DFF41C400D2E247 /* AdderssBody.swift */ = {isa = PBXFileReference; fileEncoding = 4; lastKnownFileType = sourcecode.swift; path = AdderssBody.swift; sourceTree = "<group>"; };
		22F696102DFF41C400D2E247 /* SearchCountryBar.swift */ = {isa = PBXFileReference; fileEncoding = 4; lastKnownFileType = sourcecode.swift; path = SearchCountryBar.swift; sourceTree = "<group>"; };
		22F696112DFF41C400D2E247 /* CountryPickerModal.swift */ = {isa = PBXFileReference; fileEncoding = 4; lastKnownFileType = sourcecode.swift; path = CountryPickerModal.swift; sourceTree = "<group>"; };
		22F696122DFF41C400D2E247 /* CountrySelectionButton.swift */ = {isa = PBXFileReference; fileEncoding = 4; lastKnownFileType = sourcecode.swift; path = CountrySelectionButton.swift; sourceTree = "<group>"; };
		22F696132DFF41C400D2E247 /* CountryRow.swift */ = {isa = PBXFileReference; fileEncoding = 4; lastKnownFileType = sourcecode.swift; path = CountryRow.swift; sourceTree = "<group>"; };
		22F696142DFF41C400D2E247 /* SubmitAddrressButton.swift */ = {isa = PBXFileReference; fileEncoding = 4; lastKnownFileType = sourcecode.swift; path = SubmitAddrressButton.swift; sourceTree = "<group>"; };
		22F696152DFF41C400D2E247 /* CitySelectionButton.swift */ = {isa = PBXFileReference; fileEncoding = 4; lastKnownFileType = sourcecode.swift; path = CitySelectionButton.swift; sourceTree = "<group>"; };
		22F696162DFF41C400D2E247 /* CityPicker.swift */ = {isa = PBXFileReference; fileEncoding = 4; lastKnownFileType = sourcecode.swift; path = CityPicker.swift; sourceTree = "<group>"; };
		22F696172DFF41C400D2E247 /* CityPickerModal.swift */ = {isa = PBXFileReference; fileEncoding = 4; lastKnownFileType = sourcecode.swift; path = CityPickerModal.swift; sourceTree = "<group>"; };
		22F696182DFF41C400D2E247 /* AboutUsView.swift */ = {isa = PBXFileReference; fileEncoding = 4; lastKnownFileType = sourcecode.swift; path = AboutUsView.swift; sourceTree = "<group>"; };
		22F6961A2DFF41C400D2E247 /* SupportSettings.swift */ = {isa = PBXFileReference; fileEncoding = 4; lastKnownFileType = sourcecode.swift; path = SupportSettings.swift; sourceTree = "<group>"; };
		22F6961B2DFF41C400D2E247 /* HeaderSettings.swift */ = {isa = PBXFileReference; fileEncoding = 4; lastKnownFileType = sourcecode.swift; path = HeaderSettings.swift; sourceTree = "<group>"; };
		22F6961C2DFF41C400D2E247 /* CurrencyPickerView.swift */ = {isa = PBXFileReference; fileEncoding = 4; lastKnownFileType = sourcecode.swift; path = CurrencyPickerView.swift; sourceTree = "<group>"; };
		22F6961D2DFF41C400D2E247 /* UserSettings.swift */ = {isa = PBXFileReference; fileEncoding = 4; lastKnownFileType = sourcecode.swift; path = UserSettings.swift; sourceTree = "<group>"; };
		22F6961E2DFF41C400D2E247 /* SettingItem.swift */ = {isa = PBXFileReference; fileEncoding = 4; lastKnownFileType = sourcecode.swift; path = SettingItem.swift; sourceTree = "<group>"; };
		22F6961F2DFF41C400D2E247 /* AccountSettings.swift */ = {isa = PBXFileReference; fileEncoding = 4; lastKnownFileType = sourcecode.swift; path = AccountSettings.swift; sourceTree = "<group>"; };
		22F696202DFF41C400D2E247 /* SectionHeader.swift */ = {isa = PBXFileReference; fileEncoding = 4; lastKnownFileType = sourcecode.swift; path = SectionHeader.swift; sourceTree = "<group>"; };
		22F696212DFF41C400D2E247 /* AddressView.swift */ = {isa = PBXFileReference; fileEncoding = 4; lastKnownFileType = sourcecode.swift; path = AddressView.swift; sourceTree = "<group>"; };
		22FDE3982E043EF100A33FE1 /* CartViewModel.swift */ = {isa = PBXFileReference; lastKnownFileType = sourcecode.swift; path = CartViewModel.swift; sourceTree = "<group>"; };
		22FDE39C2E043F7200A33FE1 /* ProductRow.swift */ = {isa = PBXFileReference; lastKnownFileType = sourcecode.swift; path = ProductRow.swift; sourceTree = "<group>"; };
		22FDE39E2E04417600A33FE1 /* PaymentButton.swift */ = {isa = PBXFileReference; lastKnownFileType = sourcecode.swift; path = PaymentButton.swift; sourceTree = "<group>"; };
		22FDE3A12E04465000A33FE1 /* Cart.swift */ = {isa = PBXFileReference; lastKnownFileType = sourcecode.swift; path = Cart.swift; sourceTree = "<group>"; };
/* End PBXFileReference section */

/* Begin PBXFrameworksBuildPhase section */
		04B4777E2DE3A1A400CC82F8 /* Frameworks */ = {
			isa = PBXFrameworksBuildPhase;
			buildActionMask = 2147483647;
			files = (
				04D849382DF0CF3400564625 /* Lottie in Frameworks */,
				04B329232DF9E08D002CE2DD /* GoogleSignIn in Frameworks */,
				04B329252DF9E08D002CE2DD /* GoogleSignInSwift in Frameworks */,
				04B23D212E044B5500F87FF2 /* FirebaseFirestore in Frameworks */,
				04B23D1F2E044B5500F87FF2 /* FirebaseAuth in Frameworks */,
			);
			runOnlyForDeploymentPostprocessing = 0;
		};
		04B477932DE3A1A700CC82F8 /* Frameworks */ = {
			isa = PBXFrameworksBuildPhase;
			buildActionMask = 2147483647;
			files = (
				04EE3A952E075803007AE876 /* GoogleSignInSwift in Frameworks */,
				04EE3A912E0757F9007AE876 /* Lottie in Frameworks */,
				04EE3A932E0757FE007AE876 /* GoogleSignIn in Frameworks */,
				04EE3A992E075819007AE876 /* FirebaseFirestore in Frameworks */,
				04EE3A972E07580B007AE876 /* FirebaseAuth in Frameworks */,
			);
			runOnlyForDeploymentPostprocessing = 0;
		};
		04B4779D2DE3A1A700CC82F8 /* Frameworks */ = {
			isa = PBXFrameworksBuildPhase;
			buildActionMask = 2147483647;
			files = (
			);
			runOnlyForDeploymentPostprocessing = 0;
		};
/* End PBXFrameworksBuildPhase section */

/* Begin PBXGroup section */
		0467C6BE2DEF9E2100DEDD32 /* Auth */ = {
			isa = PBXGroup;
			children = (
				04D8493B2DF0D8CB00564625 /* Views */,
			);
			path = Auth;
			sourceTree = "<group>";
		};
		0474056D2DF123430047C6C2 /* Utility */ = {
			isa = PBXGroup;
			children = (
				225309DB2E05E3D800E47BAD /* Error */,
				04F6AE082E007EA700BBC2FA /* CoreData */,
				223477642DFF1F0D000FB708 /* Components */,
				223477612DFF1F07000FB708 /* Consts */,
				0474056E2DF123500047C6C2 /* Assets */,
			);
			path = Utility;
			sourceTree = "<group>";
		};
		0474056E2DF123500047C6C2 /* Assets */ = {
			isa = PBXGroup;
			children = (
				04B477882DE3A1A600CC82F8 /* Assets.xcassets */,
				04D849342DF0CE7E00564625 /* onboard.json */,
			);
			path = Assets;
			sourceTree = "<group>";
		};
		048FD7D92DEDCD7000F3CC33 /* Features */ = {
			isa = PBXGroup;
			children = (
				22F695F92DFF41C400D2E247 /* Settings */,
				223477132DFF1D6B000FB708 /* Cart */,
				223477122DFF1D5C000FB708 /* Favorite */,
				223477112DFF1D2F000FB708 /* FloatingTabBar */,
				225DD6EE2DFC8FD7002681B3 /* Category */,
				225DD6DE2DFC8DFB002681B3 /* Home */,
				04C46D592DF783ED0077AC37 /* ProductDetails */,
				0467C6BE2DEF9E2100DEDD32 /* Auth */,
				04B477842DE3A1A400CC82F8 /* M_commerce_AppApp.swift */,
			);
			path = Features;
			sourceTree = "<group>";
		};
		04B477782DE3A1A400CC82F8 = {
			isa = PBXGroup;
			children = (
				04B477832DE3A1A400CC82F8 /* M-commerce-App */,
				04B477992DE3A1A700CC82F8 /* M-commerce-AppTests */,
				04B477A32DE3A1A700CC82F8 /* M-commerce-AppUITests */,
				04B477822DE3A1A400CC82F8 /* Products */,
				04EE3A8F2E0757F9007AE876 /* Frameworks */,
			);
			sourceTree = "<group>";
		};
		04B477822DE3A1A400CC82F8 /* Products */ = {
			isa = PBXGroup;
			children = (
				04B477812DE3A1A400CC82F8 /* M-commerce-App.app */,
				04B477962DE3A1A700CC82F8 /* M-commerce-AppTests.xctest */,
				04B477A02DE3A1A700CC82F8 /* M-commerce-AppUITests.xctest */,
			);
			name = Products;
			sourceTree = "<group>";
		};
		04B477832DE3A1A400CC82F8 /* M-commerce-App */ = {
			isa = PBXGroup;
			children = (
				225DD6D62DFC8B69002681B3 /* GoogleService-Info.plist */,
				04B4778F2DE3A1A600CC82F8 /* M_commerce_App.xcdatamodeld */,
				04B4778A2DE3A1A600CC82F8 /* Preview Content */,
				0474056D2DF123430047C6C2 /* Utility */,
				048FD7D92DEDCD7000F3CC33 /* Features */,
				04B477862DE3A1A400CC82F8 /* ContentView.swift */,
				04B4778D2DE3A1A600CC82F8 /* Persistence.swift */,
			);
			path = "M-commerce-App";
			sourceTree = "<group>";
		};
		04B4778A2DE3A1A600CC82F8 /* Preview Content */ = {
			isa = PBXGroup;
			children = (
				04B4778B2DE3A1A600CC82F8 /* Preview Assets.xcassets */,
			);
			path = "Preview Content";
			sourceTree = "<group>";
		};
		04B477992DE3A1A700CC82F8 /* M-commerce-AppTests */ = {
			isa = PBXGroup;
			children = (
				04B4779A2DE3A1A700CC82F8 /* M_commerce_AppTests.swift */,
				22E01BC32E075E780094D800 /* HomeViewModelTest.swift */,
				22E01BC52E0761E20094D800 /* ProductsViewModelTest.swift */,
			);
			path = "M-commerce-AppTests";
			sourceTree = "<group>";
		};
		04B477A32DE3A1A700CC82F8 /* M-commerce-AppUITests */ = {
			isa = PBXGroup;
			children = (
				04B477A42DE3A1A700CC82F8 /* M_commerce_AppUITests.swift */,
				04B477A62DE3A1A700CC82F8 /* M_commerce_AppUITestsLaunchTests.swift */,
			);
			path = "M-commerce-AppUITests";
			sourceTree = "<group>";
		};
		04C46D592DF783ED0077AC37 /* ProductDetails */ = {
			isa = PBXGroup;
			children = (
				04C46D5A2DF783FD0077AC37 /* Views */,
			);
			path = ProductDetails;
			sourceTree = "<group>";
		};
		04C46D5A2DF783FD0077AC37 /* Views */ = {
			isa = PBXGroup;
			children = (
				04C46D5B2DF7840F0077AC37 /* ProductDetailsView.swift */,
			);
			path = Views;
			sourceTree = "<group>";
		};
		04D8493B2DF0D8CB00564625 /* Views */ = {
			isa = PBXGroup;
			children = (
				04D849402DF0DD3B00564625 /* LottieView.swift */,
				04B5A65A2DF0F8CD0044E0FD /* OnboardingView2.swift */,
				04D8493E2DF0DCF800564625 /* SplashView.swift */,
				04D8493C2DF0DCAD00564625 /* OnboardingView.swift */,
				04B5A65C2DF0FEDA0044E0FD /* LoginView.swift */,
				0474056B2DF11BAD0047C6C2 /* SignUpView.swift */,
				041B956C2E019C010090934C /* EmailVerificationView.swift */,
			);
			name = Views;
			path = "New Group";
			sourceTree = "<group>";
		};
		04EE3A8F2E0757F9007AE876 /* Frameworks */ = {
			isa = PBXGroup;
			children = (
			);
			name = Frameworks;
			sourceTree = "<group>";
		};
		04F6AE082E007EA700BBC2FA /* CoreData */ = {
			isa = PBXGroup;
			children = (
				04F6AE092E007ED200BBC2FA /* FavoritesManager.swift */,
				04F6AE0B2E00919200BBC2FA /* NetworkMonitor.swift */,
			);
			path = CoreData;
			sourceTree = "<group>";
		};
		223477112DFF1D2F000FB708 /* FloatingTabBar */ = {
			isa = PBXGroup;
			children = (
				223477682DFF2044000FB708 /* ViewModel */,
				223477672DFF203A000FB708 /* views */,
			);
			path = FloatingTabBar;
			sourceTree = "<group>";
		};
		223477122DFF1D5C000FB708 /* Favorite */ = {
			isa = PBXGroup;
			children = (
				227EAC512DFDD5B800F0D300 /* FavoriteView.swift */,
			);
			path = Favorite;
			sourceTree = "<group>";
		};
		223477132DFF1D6B000FB708 /* Cart */ = {
			isa = PBXGroup;
			children = (
				22FDE3A02E04463300A33FE1 /* Models */,
				22FDE3972E043ECA00A33FE1 /* ViewModel */,
				22FDE3952E043E9D00A33FE1 /* views */,
			);
			path = Cart;
			sourceTree = "<group>";
		};
		223477612DFF1F07000FB708 /* Consts */ = {
			isa = PBXGroup;
			children = (
				223477622DFF1F07000FB708 /* UserDefaultsKeys.swift */,
			);
			path = Consts;
			sourceTree = "<group>";
		};
		223477642DFF1F0D000FB708 /* Components */ = {
			isa = PBXGroup;
			children = (
				223477652DFF1F0D000FB708 /* Toast.swift */,
			);
			path = Components;
			sourceTree = "<group>";
		};
		223477672DFF203A000FB708 /* views */ = {
			isa = PBXGroup;
			children = (
				225DD6D82DFC8C4D002681B3 /* FloatingTabBar.swift */,
			);
			path = views;
			sourceTree = "<group>";
		};
		223477682DFF2044000FB708 /* ViewModel */ = {
			isa = PBXGroup;
			children = (
				223477692DFF2059000FB708 /* TabBarVisibilityManager.swift */,
			);
			path = ViewModel;
			sourceTree = "<group>";
		};
		225309D42E05AC6600E47BAD /* Services */ = {
			isa = PBXGroup;
			children = (
				225309D52E05AC8200E47BAD /* CartServices.swift */,
			);
			path = Services;
			sourceTree = "<group>";
		};
		225309DB2E05E3D800E47BAD /* Error */ = {
			isa = PBXGroup;
			children = (
				225309DC2E05E3E500E47BAD /* ShopifyAPIError.swift */,
			);
			path = Error;
			sourceTree = "<group>";
		};
		225DD6DE2DFC8DFB002681B3 /* Home */ = {
			isa = PBXGroup;
			children = (
				225DD6E12DFC8E26002681B3 /* ViewModel */,
				225DD6E02DFC8E1C002681B3 /* View */,
				225DD6DF2DFC8E0C002681B3 /* Models */,
			);
			path = Home;
			sourceTree = "<group>";
		};
		225DD6DF2DFC8E0C002681B3 /* Models */ = {
			isa = PBXGroup;
			children = (
				225DD6E22DFC8E52002681B3 /* Brand.swift */,
				225DD6E42DFC8E79002681B3 /* Product.swift */,
			);
			path = Models;
			sourceTree = "<group>";
		};
		225DD6E02DFC8E1C002681B3 /* View */ = {
			isa = PBXGroup;
			children = (
				225DD6DA2DFC8CFE002681B3 /* ImgCouponView.swift */,
				225DD6DC2DFC8DB6002681B3 /* ToolBar.swift */,
				225DD6E62DFC8EC6002681B3 /*  HomeView.swift */,
				223477142DFF1DF9000FB708 /* HomeView.swift */,
				225DD6E82DFC8EFE002681B3 /* ProductsView.swift */,
			);
			path = View;
			sourceTree = "<group>";
		};
		225DD6E12DFC8E26002681B3 /* ViewModel */ = {
			isa = PBXGroup;
			children = (
				225DD6EA2DFC8F4B002681B3 /* HomeViewModel.swift */,
				225DD6EC2DFC8F99002681B3 /* ProductsViewModel.swift */,
			);
			path = ViewModel;
			sourceTree = "<group>";
		};
		225DD6EE2DFC8FD7002681B3 /* Category */ = {
			isa = PBXGroup;
			children = (
				225DD6F12DFC8FFE002681B3 /* ViewModel */,
				225DD6F02DFC8FF0002681B3 /* View */,
				225DD6EF2DFC8FE4002681B3 /* Models */,
			);
			path = Category;
			sourceTree = "<group>";
		};
		225DD6EF2DFC8FE4002681B3 /* Models */ = {
			isa = PBXGroup;
			children = (
				225DD6F22DFC9024002681B3 /* CustomCollection.swift */,
			);
			path = Models;
			sourceTree = "<group>";
		};
		225DD6F02DFC8FF0002681B3 /* View */ = {
			isa = PBXGroup;
			children = (
				225DD6F42DFC9082002681B3 /* CategoryView.swift */,
				225DD6F62DFC90BD002681B3 /* ProductCardView.swift */,
				227EAC572DFDD99200F0D300 /* MenView.swift */,
				227EAC592DFDD9FD00F0D300 /* ProductGridView.swift */,
				227EAC5B2DFDDA6D00F0D300 /* WomenView.swift */,
				227EAC5D2DFDDABE00F0D300 /* KidsView.swift */,
				227EAC5F2DFDDAFD00F0D300 /* SaleView.swift */,
			);
			path = View;
			sourceTree = "<group>";
		};
		225DD6F12DFC8FFE002681B3 /* ViewModel */ = {
			isa = PBXGroup;
			children = (
				225DD6F82DFC9103002681B3 /* ProductViewModel.swift */,
				227EAC532DFDD76100F0D300 /* BaseProductViewModel.swift */,
				227EAC552DFDD94400F0D300 /* CategeoryViemModels.swift */,
			);
			path = ViewModel;
			sourceTree = "<group>";
		};
		22F695F92DFF41C400D2E247 /* Settings */ = {
			isa = PBXGroup;
			children = (
				22F695FA2DFF41C400D2E247 /* ViewModel */,
				22F695FD2DFF41C400D2E247 /* Models */,
				22F696062DFF41C400D2E247 /* Views */,
			);
			path = Settings;
			sourceTree = "<group>";
		};
		22F695FA2DFF41C400D2E247 /* ViewModel */ = {
			isa = PBXGroup;
			children = (
				22F695FB2DFF41C400D2E247 /* SettingsViewModel.swift */,
				22F695FC2DFF41C400D2E247 /* LocationViewModel.swift */,
			);
			path = ViewModel;
			sourceTree = "<group>";
		};
		22F695FD2DFF41C400D2E247 /* Models */ = {
			isa = PBXGroup;
			children = (
				22F696012DFF41C400D2E247 /* network */,
				22F695FE2DFF41C400D2E247 /* Address.swift */,
				22F695FF2DFF41C400D2E247 /* City.swift */,
				22F696002DFF41C400D2E247 /* Currency.swift */,
				22F696042DFF41C400D2E247 /* UserIfon.swift */,
				22F696052DFF41C400D2E247 /* Country.swift */,
			);
			path = Models;
			sourceTree = "<group>";
		};
		22F696012DFF41C400D2E247 /* network */ = {
			isa = PBXGroup;
			children = (
				22F696022DFF41C400D2E247 /* ShopifyLocationService.swift */,
				22F696032DFF41C400D2E247 /* SettingsNetworkManager.swift */,
			);
			path = network;
			sourceTree = "<group>";
		};
		22F696062DFF41C400D2E247 /* Views */ = {
			isa = PBXGroup;
			children = (
				22F696192DFF41C400D2E247 /* SettingsComponents */,
				22F696092DFF41C400D2E247 /* AddressComponents */,
				22F696072DFF41C400D2E247 /* ContactUsView.swift */,
				22F696082DFF41C400D2E247 /* SettingsView.swift */,
				22F696182DFF41C400D2E247 /* AboutUsView.swift */,
				22F696212DFF41C400D2E247 /* AddressView.swift */,
			);
			path = Views;
			sourceTree = "<group>";
		};
		22F696092DFF41C400D2E247 /* AddressComponents */ = {
			isa = PBXGroup;
			children = (
				22F6960A2DFF41C400D2E247 /* CountryPicker.swift */,
				22F6960B2DFF41C400D2E247 /* CityRow.swift */,
				22F6960C2DFF41C400D2E247 /* AddressFormField.swift */,
				22F6960D2DFF41C400D2E247 /* CustomSettingField.swift */,
				22F6960E2DFF41C400D2E247 /* CustomSegment.swift */,
				22F6960F2DFF41C400D2E247 /* AdderssBody.swift */,
				22F696102DFF41C400D2E247 /* SearchCountryBar.swift */,
				22F696112DFF41C400D2E247 /* CountryPickerModal.swift */,
				22F696122DFF41C400D2E247 /* CountrySelectionButton.swift */,
				22F696132DFF41C400D2E247 /* CountryRow.swift */,
				22F696142DFF41C400D2E247 /* SubmitAddrressButton.swift */,
				22F696152DFF41C400D2E247 /* CitySelectionButton.swift */,
				22F696162DFF41C400D2E247 /* CityPicker.swift */,
				22F696172DFF41C400D2E247 /* CityPickerModal.swift */,
			);
			path = AddressComponents;
			sourceTree = "<group>";
		};
		22F696192DFF41C400D2E247 /* SettingsComponents */ = {
			isa = PBXGroup;
			children = (
				22F6961A2DFF41C400D2E247 /* SupportSettings.swift */,
				22F6961B2DFF41C400D2E247 /* HeaderSettings.swift */,
				22F6961C2DFF41C400D2E247 /* CurrencyPickerView.swift */,
				22F6961D2DFF41C400D2E247 /* UserSettings.swift */,
				22F6961E2DFF41C400D2E247 /* SettingItem.swift */,
				22F6961F2DFF41C400D2E247 /* AccountSettings.swift */,
				22F696202DFF41C400D2E247 /* SectionHeader.swift */,
			);
			path = SettingsComponents;
			sourceTree = "<group>";
		};
		22FDE3952E043E9D00A33FE1 /* views */ = {
			isa = PBXGroup;
			children = (
				22FDE3962E043EA800A33FE1 /* Components */,
				227EAC4F2DFDD5A300F0D300 /* CartView.swift */,
			);
			path = views;
			sourceTree = "<group>";
		};
		22FDE3962E043EA800A33FE1 /* Components */ = {
			isa = PBXGroup;
			children = (
				22FDE39C2E043F7200A33FE1 /* ProductRow.swift */,
				22FDE39E2E04417600A33FE1 /* PaymentButton.swift */,
			);
			path = Components;
			sourceTree = "<group>";
		};
		22FDE3972E043ECA00A33FE1 /* ViewModel */ = {
			isa = PBXGroup;
			children = (
				22FDE3982E043EF100A33FE1 /* CartViewModel.swift */,
			);
			path = ViewModel;
			sourceTree = "<group>";
		};
		22FDE3A02E04463300A33FE1 /* Models */ = {
			isa = PBXGroup;
			children = (
				225309D42E05AC6600E47BAD /* Services */,
				22FDE3A12E04465000A33FE1 /* Cart.swift */,
				225309D72E05BB6700E47BAD /* DraftOrders.swift */,
				225309D92E05D75900E47BAD /* Image.swift */,
			);
			path = Models;
			sourceTree = "<group>";
		};
/* End PBXGroup section */

/* Begin PBXNativeTarget section */
		04B477802DE3A1A400CC82F8 /* M-commerce-App */ = {
			isa = PBXNativeTarget;
			buildConfigurationList = 04B477AA2DE3A1A700CC82F8 /* Build configuration list for PBXNativeTarget "M-commerce-App" */;
			buildPhases = (
				04B4777D2DE3A1A400CC82F8 /* Sources */,
				04B4777E2DE3A1A400CC82F8 /* Frameworks */,
				04B4777F2DE3A1A400CC82F8 /* Resources */,
			);
			buildRules = (
			);
			dependencies = (
			);
			name = "M-commerce-App";
			packageProductDependencies = (
				04D849372DF0CF3400564625 /* Lottie */,
				04B329222DF9E08D002CE2DD /* GoogleSignIn */,
				04B329242DF9E08D002CE2DD /* GoogleSignInSwift */,
				04B23D1E2E044B5500F87FF2 /* FirebaseAuth */,
				04B23D202E044B5500F87FF2 /* FirebaseFirestore */,
			);
			productName = "M-commerce-App";
			productReference = 04B477812DE3A1A400CC82F8 /* M-commerce-App.app */;
			productType = "com.apple.product-type.application";
		};
		04B477952DE3A1A700CC82F8 /* M-commerce-AppTests */ = {
			isa = PBXNativeTarget;
			buildConfigurationList = 04B477AD2DE3A1A700CC82F8 /* Build configuration list for PBXNativeTarget "M-commerce-AppTests" */;
			buildPhases = (
				04B477922DE3A1A700CC82F8 /* Sources */,
				04B477932DE3A1A700CC82F8 /* Frameworks */,
				04B477942DE3A1A700CC82F8 /* Resources */,
			);
			buildRules = (
			);
			dependencies = (
				04B477982DE3A1A700CC82F8 /* PBXTargetDependency */,
			);
			name = "M-commerce-AppTests";
			packageProductDependencies = (
				04EE3A902E0757F9007AE876 /* Lottie */,
				04EE3A922E0757FE007AE876 /* GoogleSignIn */,
				04EE3A942E075803007AE876 /* GoogleSignInSwift */,
				04EE3A962E07580B007AE876 /* FirebaseAuth */,
				04EE3A982E075819007AE876 /* FirebaseFirestore */,
			);
			productName = "M-commerce-AppTests";
			productReference = 04B477962DE3A1A700CC82F8 /* M-commerce-AppTests.xctest */;
			productType = "com.apple.product-type.bundle.unit-test";
		};
		04B4779F2DE3A1A700CC82F8 /* M-commerce-AppUITests */ = {
			isa = PBXNativeTarget;
			buildConfigurationList = 04B477B02DE3A1A700CC82F8 /* Build configuration list for PBXNativeTarget "M-commerce-AppUITests" */;
			buildPhases = (
				04B4779C2DE3A1A700CC82F8 /* Sources */,
				04B4779D2DE3A1A700CC82F8 /* Frameworks */,
				04B4779E2DE3A1A700CC82F8 /* Resources */,
			);
			buildRules = (
			);
			dependencies = (
				04B477A22DE3A1A700CC82F8 /* PBXTargetDependency */,
			);
			name = "M-commerce-AppUITests";
			productName = "M-commerce-AppUITests";
			productReference = 04B477A02DE3A1A700CC82F8 /* M-commerce-AppUITests.xctest */;
			productType = "com.apple.product-type.bundle.ui-testing";
		};
/* End PBXNativeTarget section */

/* Begin PBXProject section */
		04B477792DE3A1A400CC82F8 /* Project object */ = {
			isa = PBXProject;
			attributes = {
				BuildIndependentTargetsInParallel = 1;
				LastSwiftUpdateCheck = 1410;
				LastUpgradeCheck = 1410;
				TargetAttributes = {
					04B477802DE3A1A400CC82F8 = {
						CreatedOnToolsVersion = 14.1;
					};
					04B477952DE3A1A700CC82F8 = {
						CreatedOnToolsVersion = 14.1;
						TestTargetID = 04B477802DE3A1A400CC82F8;
					};
					04B4779F2DE3A1A700CC82F8 = {
						CreatedOnToolsVersion = 14.1;
						TestTargetID = 04B477802DE3A1A400CC82F8;
					};
				};
			};
			buildConfigurationList = 04B4777C2DE3A1A400CC82F8 /* Build configuration list for PBXProject "M-commerce-App" */;
			compatibilityVersion = "Xcode 14.0";
			developmentRegion = en;
			hasScannedForEncodings = 0;
			knownRegions = (
				en,
				Base,
			);
			mainGroup = 04B477782DE3A1A400CC82F8;
			packageReferences = (
				04D849362DF0CF3400564625 /* XCRemoteSwiftPackageReference "lottie-ios" */,
				04B329212DF9E08D002CE2DD /* XCRemoteSwiftPackageReference "GoogleSignIn-iOS" */,
				04B23D1D2E044B5500F87FF2 /* XCRemoteSwiftPackageReference "firebase-ios-sdk" */,
			);
			productRefGroup = 04B477822DE3A1A400CC82F8 /* Products */;
			projectDirPath = "";
			projectRoot = "";
			targets = (
				04B477802DE3A1A400CC82F8 /* M-commerce-App */,
				04B477952DE3A1A700CC82F8 /* M-commerce-AppTests */,
				04B4779F2DE3A1A700CC82F8 /* M-commerce-AppUITests */,
			);
		};
/* End PBXProject section */

/* Begin PBXResourcesBuildPhase section */
		04B4777F2DE3A1A400CC82F8 /* Resources */ = {
			isa = PBXResourcesBuildPhase;
			buildActionMask = 2147483647;
			files = (
				04D849352DF0CE7E00564625 /* onboard.json in Resources */,
				225DD6D72DFC8B69002681B3 /* GoogleService-Info.plist in Resources */,
				04B4778C2DE3A1A600CC82F8 /* Preview Assets.xcassets in Resources */,
				04B477892DE3A1A600CC82F8 /* Assets.xcassets in Resources */,
			);
			runOnlyForDeploymentPostprocessing = 0;
		};
		04B477942DE3A1A700CC82F8 /* Resources */ = {
			isa = PBXResourcesBuildPhase;
			buildActionMask = 2147483647;
			files = (
			);
			runOnlyForDeploymentPostprocessing = 0;
		};
		04B4779E2DE3A1A700CC82F8 /* Resources */ = {
			isa = PBXResourcesBuildPhase;
			buildActionMask = 2147483647;
			files = (
			);
			runOnlyForDeploymentPostprocessing = 0;
		};
/* End PBXResourcesBuildPhase section */

/* Begin PBXSourcesBuildPhase section */
		04B4777D2DE3A1A400CC82F8 /* Sources */ = {
			isa = PBXSourcesBuildPhase;
			buildActionMask = 2147483647;
			files = (
				22F6963A2DFF41C500D2E247 /* CityPickerModal.swift in Sources */,
				22F6962D2DFF41C500D2E247 /* CountryPicker.swift in Sources */,
				22F6962F2DFF41C500D2E247 /* AddressFormField.swift in Sources */,
				22F696372DFF41C500D2E247 /* SubmitAddrressButton.swift in Sources */,
				22F696332DFF41C500D2E247 /* SearchCountryBar.swift in Sources */,
				04B5A65B2DF0F8CD0044E0FD /* OnboardingView2.swift in Sources */,
				227EAC502DFDD5A300F0D300 /* CartView.swift in Sources */,
				04F6AE0A2E007ED200BBC2FA /* FavoritesManager.swift in Sources */,
				225DD6D92DFC8C4D002681B3 /* FloatingTabBar.swift in Sources */,
				223477152DFF1DF9000FB708 /* HomeView.swift in Sources */,
				225DD6ED2DFC8F99002681B3 /* ProductsViewModel.swift in Sources */,
				22F696222DFF41C500D2E247 /* SettingsViewModel.swift in Sources */,
				227EAC542DFDD76100F0D300 /* BaseProductViewModel.swift in Sources */,
				04B4778E2DE3A1A600CC82F8 /* Persistence.swift in Sources */,
				227EAC5E2DFDDABE00F0D300 /* KidsView.swift in Sources */,
				22F6962C2DFF41C500D2E247 /* SettingsView.swift in Sources */,
				225DD6E32DFC8E52002681B3 /* Brand.swift in Sources */,
				22F696392DFF41C500D2E247 /* CityPicker.swift in Sources */,
				225DD6F72DFC90BD002681B3 /* ProductCardView.swift in Sources */,
				225DD6DB2DFC8CFE002681B3 /* ImgCouponView.swift in Sources */,
				041B956D2E019C010090934C /* EmailVerificationView.swift in Sources */,
				22F696262DFF41C500D2E247 /* Currency.swift in Sources */,
				22F696282DFF41C500D2E247 /* SettingsNetworkManager.swift in Sources */,
				225DD6F32DFC9024002681B3 /* CustomCollection.swift in Sources */,
				22FDE39F2E04417600A33FE1 /* PaymentButton.swift in Sources */,
				227EAC562DFDD94400F0D300 /* CategeoryViemModels.swift in Sources */,
				22F696242DFF41C500D2E247 /* Address.swift in Sources */,
				223477662DFF1F0D000FB708 /* Toast.swift in Sources */,
				225309DA2E05D75900E47BAD /* Image.swift in Sources */,
				04C46D5C2DF7840F0077AC37 /* ProductDetailsView.swift in Sources */,
				225DD6F92DFC9103002681B3 /* ProductViewModel.swift in Sources */,
				2234776A2DFF2059000FB708 /* TabBarVisibilityManager.swift in Sources */,
				22F696312DFF41C500D2E247 /* CustomSegment.swift in Sources */,
				227EAC522DFDD5B800F0D300 /* FavoriteView.swift in Sources */,
				04B477872DE3A1A500CC82F8 /* ContentView.swift in Sources */,
				22F6962E2DFF41C500D2E247 /* CityRow.swift in Sources */,
				223477632DFF1F07000FB708 /* UserDefaultsKeys.swift in Sources */,
				04B5A65D2DF0FEDA0044E0FD /* LoginView.swift in Sources */,
				22F6963B2DFF41C500D2E247 /* AboutUsView.swift in Sources */,
				22F696252DFF41C500D2E247 /* City.swift in Sources */,
				22F696232DFF41C500D2E247 /* LocationViewModel.swift in Sources */,
				227EAC5A2DFDD9FD00F0D300 /* ProductGridView.swift in Sources */,
				22F696302DFF41C500D2E247 /* CustomSettingField.swift in Sources */,
				225DD6EB2DFC8F4B002681B3 /* HomeViewModel.swift in Sources */,
				225DD6E92DFC8EFE002681B3 /* ProductsView.swift in Sources */,
				225309D82E05BB6700E47BAD /* DraftOrders.swift in Sources */,
				22F696402DFF41C500D2E247 /* SettingItem.swift in Sources */,
				225DD6DD2DFC8DB6002681B3 /* ToolBar.swift in Sources */,
				22F6963F2DFF41C500D2E247 /* UserSettings.swift in Sources */,
				04B477912DE3A1A600CC82F8 /* M_commerce_App.xcdatamodeld in Sources */,
				22F6962A2DFF41C500D2E247 /* Country.swift in Sources */,
				04B477852DE3A1A400CC82F8 /* M_commerce_AppApp.swift in Sources */,
				22F696362DFF41C500D2E247 /* CountryRow.swift in Sources */,
				22F696382DFF41C500D2E247 /* CitySelectionButton.swift in Sources */,
				225309D62E05AC8200E47BAD /* CartServices.swift in Sources */,
				227EAC5C2DFDDA6D00F0D300 /* WomenView.swift in Sources */,
				22F696272DFF41C500D2E247 /* ShopifyLocationService.swift in Sources */,
				0474056C2DF11BAD0047C6C2 /* SignUpView.swift in Sources */,
				225309DD2E05E3E500E47BAD /* ShopifyAPIError.swift in Sources */,
				22FDE3A22E04465000A33FE1 /* Cart.swift in Sources */,
				22F696422DFF41C500D2E247 /* SectionHeader.swift in Sources */,
				22F696352DFF41C500D2E247 /* CountrySelectionButton.swift in Sources */,
				22FDE39D2E043F7200A33FE1 /* ProductRow.swift in Sources */,
				225DD6F52DFC9082002681B3 /* CategoryView.swift in Sources */,
				22F6962B2DFF41C500D2E247 /* ContactUsView.swift in Sources */,
				04D849412DF0DD3B00564625 /* LottieView.swift in Sources */,
				225DD6E72DFC8EC6002681B3 /*  HomeView.swift in Sources */,
				04D8493D2DF0DCAD00564625 /* OnboardingView.swift in Sources */,
				227EAC582DFDD99200F0D300 /* MenView.swift in Sources */,
				22F696432DFF41C500D2E247 /* AddressView.swift in Sources */,
				22F696412DFF41C500D2E247 /* AccountSettings.swift in Sources */,
				22F696342DFF41C500D2E247 /* CountryPickerModal.swift in Sources */,
				04D8493F2DF0DCF800564625 /* SplashView.swift in Sources */,
				22FDE3992E043EF100A33FE1 /* CartViewModel.swift in Sources */,
				22F696292DFF41C500D2E247 /* UserIfon.swift in Sources */,
				227EAC602DFDDAFD00F0D300 /* SaleView.swift in Sources */,
				22F6963E2DFF41C500D2E247 /* CurrencyPickerView.swift in Sources */,
				22F6963D2DFF41C500D2E247 /* HeaderSettings.swift in Sources */,
				22F696322DFF41C500D2E247 /* AdderssBody.swift in Sources */,
				22F6963C2DFF41C500D2E247 /* SupportSettings.swift in Sources */,
				04F6AE0C2E00919200BBC2FA /* NetworkMonitor.swift in Sources */,
				225DD6E52DFC8E79002681B3 /* Product.swift in Sources */,
			);
			runOnlyForDeploymentPostprocessing = 0;
		};
		04B477922DE3A1A700CC82F8 /* Sources */ = {
			isa = PBXSourcesBuildPhase;
			buildActionMask = 2147483647;
			files = (
				22E01BC62E0761E20094D800 /* ProductsViewModelTest.swift in Sources */,
				04B4779B2DE3A1A700CC82F8 /* M_commerce_AppTests.swift in Sources */,
				22E01BC42E075E780094D800 /* HomeViewModelTest.swift in Sources */,
			);
			runOnlyForDeploymentPostprocessing = 0;
		};
		04B4779C2DE3A1A700CC82F8 /* Sources */ = {
			isa = PBXSourcesBuildPhase;
			buildActionMask = 2147483647;
			files = (
				04B477A52DE3A1A700CC82F8 /* M_commerce_AppUITests.swift in Sources */,
				04B477A72DE3A1A700CC82F8 /* M_commerce_AppUITestsLaunchTests.swift in Sources */,
			);
			runOnlyForDeploymentPostprocessing = 0;
		};
/* End PBXSourcesBuildPhase section */

/* Begin PBXTargetDependency section */
		04B477982DE3A1A700CC82F8 /* PBXTargetDependency */ = {
			isa = PBXTargetDependency;
			target = 04B477802DE3A1A400CC82F8 /* M-commerce-App */;
			targetProxy = 04B477972DE3A1A700CC82F8 /* PBXContainerItemProxy */;
		};
		04B477A22DE3A1A700CC82F8 /* PBXTargetDependency */ = {
			isa = PBXTargetDependency;
			target = 04B477802DE3A1A400CC82F8 /* M-commerce-App */;
			targetProxy = 04B477A12DE3A1A700CC82F8 /* PBXContainerItemProxy */;
		};
/* End PBXTargetDependency section */

/* Begin XCBuildConfiguration section */
		04B477A82DE3A1A700CC82F8 /* Debug */ = {
			isa = XCBuildConfiguration;
			buildSettings = {
				ALWAYS_SEARCH_USER_PATHS = NO;
				CLANG_ANALYZER_NONNULL = YES;
				CLANG_ANALYZER_NUMBER_OBJECT_CONVERSION = YES_AGGRESSIVE;
				CLANG_CXX_LANGUAGE_STANDARD = "gnu++20";
				CLANG_ENABLE_MODULES = YES;
				CLANG_ENABLE_OBJC_ARC = YES;
				CLANG_ENABLE_OBJC_WEAK = YES;
				CLANG_WARN_BLOCK_CAPTURE_AUTORELEASING = YES;
				CLANG_WARN_BOOL_CONVERSION = YES;
				CLANG_WARN_COMMA = YES;
				CLANG_WARN_CONSTANT_CONVERSION = YES;
				CLANG_WARN_DEPRECATED_OBJC_IMPLEMENTATIONS = YES;
				CLANG_WARN_DIRECT_OBJC_ISA_USAGE = YES_ERROR;
				CLANG_WARN_DOCUMENTATION_COMMENTS = YES;
				CLANG_WARN_EMPTY_BODY = YES;
				CLANG_WARN_ENUM_CONVERSION = YES;
				CLANG_WARN_INFINITE_RECURSION = YES;
				CLANG_WARN_INT_CONVERSION = YES;
				CLANG_WARN_NON_LITERAL_NULL_CONVERSION = YES;
				CLANG_WARN_OBJC_IMPLICIT_RETAIN_SELF = YES;
				CLANG_WARN_OBJC_LITERAL_CONVERSION = YES;
				CLANG_WARN_OBJC_ROOT_CLASS = YES_ERROR;
				CLANG_WARN_QUOTED_INCLUDE_IN_FRAMEWORK_HEADER = YES;
				CLANG_WARN_RANGE_LOOP_ANALYSIS = YES;
				CLANG_WARN_STRICT_PROTOTYPES = YES;
				CLANG_WARN_SUSPICIOUS_MOVE = YES;
				CLANG_WARN_UNGUARDED_AVAILABILITY = YES_AGGRESSIVE;
				CLANG_WARN_UNREACHABLE_CODE = YES;
				CLANG_WARN__DUPLICATE_METHOD_MATCH = YES;
				COPY_PHASE_STRIP = NO;
				DEBUG_INFORMATION_FORMAT = dwarf;
				ENABLE_STRICT_OBJC_MSGSEND = YES;
				ENABLE_TESTABILITY = YES;
				GCC_C_LANGUAGE_STANDARD = gnu11;
				GCC_DYNAMIC_NO_PIC = NO;
				GCC_NO_COMMON_BLOCKS = YES;
				GCC_OPTIMIZATION_LEVEL = 0;
				GCC_PREPROCESSOR_DEFINITIONS = (
					"DEBUG=1",
					"$(inherited)",
				);
				GCC_WARN_64_TO_32_BIT_CONVERSION = YES;
				GCC_WARN_ABOUT_RETURN_TYPE = YES_ERROR;
				GCC_WARN_UNDECLARED_SELECTOR = YES;
				GCC_WARN_UNINITIALIZED_AUTOS = YES_AGGRESSIVE;
				GCC_WARN_UNUSED_FUNCTION = YES;
				GCC_WARN_UNUSED_VARIABLE = YES;
				IPHONEOS_DEPLOYMENT_TARGET = 16.1;
				MTL_ENABLE_DEBUG_INFO = INCLUDE_SOURCE;
				MTL_FAST_MATH = YES;
				ONLY_ACTIVE_ARCH = YES;
				SDKROOT = iphoneos;
				SWIFT_ACTIVE_COMPILATION_CONDITIONS = DEBUG;
				SWIFT_OPTIMIZATION_LEVEL = "-Onone";
			};
			name = Debug;
		};
		04B477A92DE3A1A700CC82F8 /* Release */ = {
			isa = XCBuildConfiguration;
			buildSettings = {
				ALWAYS_SEARCH_USER_PATHS = NO;
				CLANG_ANALYZER_NONNULL = YES;
				CLANG_ANALYZER_NUMBER_OBJECT_CONVERSION = YES_AGGRESSIVE;
				CLANG_CXX_LANGUAGE_STANDARD = "gnu++20";
				CLANG_ENABLE_MODULES = YES;
				CLANG_ENABLE_OBJC_ARC = YES;
				CLANG_ENABLE_OBJC_WEAK = YES;
				CLANG_WARN_BLOCK_CAPTURE_AUTORELEASING = YES;
				CLANG_WARN_BOOL_CONVERSION = YES;
				CLANG_WARN_COMMA = YES;
				CLANG_WARN_CONSTANT_CONVERSION = YES;
				CLANG_WARN_DEPRECATED_OBJC_IMPLEMENTATIONS = YES;
				CLANG_WARN_DIRECT_OBJC_ISA_USAGE = YES_ERROR;
				CLANG_WARN_DOCUMENTATION_COMMENTS = YES;
				CLANG_WARN_EMPTY_BODY = YES;
				CLANG_WARN_ENUM_CONVERSION = YES;
				CLANG_WARN_INFINITE_RECURSION = YES;
				CLANG_WARN_INT_CONVERSION = YES;
				CLANG_WARN_NON_LITERAL_NULL_CONVERSION = YES;
				CLANG_WARN_OBJC_IMPLICIT_RETAIN_SELF = YES;
				CLANG_WARN_OBJC_LITERAL_CONVERSION = YES;
				CLANG_WARN_OBJC_ROOT_CLASS = YES_ERROR;
				CLANG_WARN_QUOTED_INCLUDE_IN_FRAMEWORK_HEADER = YES;
				CLANG_WARN_RANGE_LOOP_ANALYSIS = YES;
				CLANG_WARN_STRICT_PROTOTYPES = YES;
				CLANG_WARN_SUSPICIOUS_MOVE = YES;
				CLANG_WARN_UNGUARDED_AVAILABILITY = YES_AGGRESSIVE;
				CLANG_WARN_UNREACHABLE_CODE = YES;
				CLANG_WARN__DUPLICATE_METHOD_MATCH = YES;
				COPY_PHASE_STRIP = NO;
				DEBUG_INFORMATION_FORMAT = "dwarf-with-dsym";
				ENABLE_NS_ASSERTIONS = NO;
				ENABLE_STRICT_OBJC_MSGSEND = YES;
				GCC_C_LANGUAGE_STANDARD = gnu11;
				GCC_NO_COMMON_BLOCKS = YES;
				GCC_WARN_64_TO_32_BIT_CONVERSION = YES;
				GCC_WARN_ABOUT_RETURN_TYPE = YES_ERROR;
				GCC_WARN_UNDECLARED_SELECTOR = YES;
				GCC_WARN_UNINITIALIZED_AUTOS = YES_AGGRESSIVE;
				GCC_WARN_UNUSED_FUNCTION = YES;
				GCC_WARN_UNUSED_VARIABLE = YES;
				IPHONEOS_DEPLOYMENT_TARGET = 16.1;
				MTL_ENABLE_DEBUG_INFO = NO;
				MTL_FAST_MATH = YES;
				SDKROOT = iphoneos;
				SWIFT_COMPILATION_MODE = wholemodule;
				SWIFT_OPTIMIZATION_LEVEL = "-O";
				VALIDATE_PRODUCT = YES;
			};
			name = Release;
		};
		04B477AB2DE3A1A700CC82F8 /* Debug */ = {
			isa = XCBuildConfiguration;
			buildSettings = {
				ASSETCATALOG_COMPILER_APPICON_NAME = AppIcon;
				ASSETCATALOG_COMPILER_GLOBAL_ACCENT_COLOR_NAME = AccentColor;
				CODE_SIGN_STYLE = Automatic;
				CURRENT_PROJECT_VERSION = 1;
				DEVELOPMENT_ASSET_PATHS = "\"M-commerce-App/Preview Content\"";
				ENABLE_PREVIEWS = YES;
				GENERATE_INFOPLIST_FILE = YES;
				INFOPLIST_FILE = "M-commerce-App/Info.plist";
				INFOPLIST_KEY_UIApplicationSceneManifest_Generation = YES;
				INFOPLIST_KEY_UIApplicationSupportsIndirectInputEvents = YES;
				INFOPLIST_KEY_UILaunchScreen_Generation = YES;
				INFOPLIST_KEY_UISupportedInterfaceOrientations_iPad = "UIInterfaceOrientationPortrait UIInterfaceOrientationPortraitUpsideDown UIInterfaceOrientationLandscapeLeft UIInterfaceOrientationLandscapeRight";
				INFOPLIST_KEY_UISupportedInterfaceOrientations_iPhone = "UIInterfaceOrientationPortrait UIInterfaceOrientationLandscapeLeft UIInterfaceOrientationLandscapeRight";
				LD_RUNPATH_SEARCH_PATHS = (
					"$(inherited)",
					"@executable_path/Frameworks",
				);
				MARKETING_VERSION = 1.0;
				PRODUCT_BUNDLE_IDENTIFIER = "ahmed.M-commerce-App";
				PRODUCT_NAME = "$(TARGET_NAME)";
				SWIFT_EMIT_LOC_STRINGS = YES;
				SWIFT_VERSION = 5.0;
				TARGETED_DEVICE_FAMILY = "1,2";
			};
			name = Debug;
		};
		04B477AC2DE3A1A700CC82F8 /* Release */ = {
			isa = XCBuildConfiguration;
			buildSettings = {
				ASSETCATALOG_COMPILER_APPICON_NAME = AppIcon;
				ASSETCATALOG_COMPILER_GLOBAL_ACCENT_COLOR_NAME = AccentColor;
				CODE_SIGN_STYLE = Automatic;
				CURRENT_PROJECT_VERSION = 1;
				DEVELOPMENT_ASSET_PATHS = "\"M-commerce-App/Preview Content\"";
				ENABLE_PREVIEWS = YES;
				GENERATE_INFOPLIST_FILE = YES;
				INFOPLIST_FILE = "M-commerce-App/Info.plist";
				INFOPLIST_KEY_UIApplicationSceneManifest_Generation = YES;
				INFOPLIST_KEY_UIApplicationSupportsIndirectInputEvents = YES;
				INFOPLIST_KEY_UILaunchScreen_Generation = YES;
				INFOPLIST_KEY_UISupportedInterfaceOrientations_iPad = "UIInterfaceOrientationPortrait UIInterfaceOrientationPortraitUpsideDown UIInterfaceOrientationLandscapeLeft UIInterfaceOrientationLandscapeRight";
				INFOPLIST_KEY_UISupportedInterfaceOrientations_iPhone = "UIInterfaceOrientationPortrait UIInterfaceOrientationLandscapeLeft UIInterfaceOrientationLandscapeRight";
				LD_RUNPATH_SEARCH_PATHS = (
					"$(inherited)",
					"@executable_path/Frameworks",
				);
				MARKETING_VERSION = 1.0;
				PRODUCT_BUNDLE_IDENTIFIER = "ahmed.M-commerce-App";
				PRODUCT_NAME = "$(TARGET_NAME)";
				SWIFT_EMIT_LOC_STRINGS = YES;
				SWIFT_VERSION = 5.0;
				TARGETED_DEVICE_FAMILY = "1,2";
			};
			name = Release;
		};
		04B477AE2DE3A1A700CC82F8 /* Debug */ = {
			isa = XCBuildConfiguration;
			buildSettings = {
				ALWAYS_EMBED_SWIFT_STANDARD_LIBRARIES = YES;
				BUNDLE_LOADER = "$(TEST_HOST)";
				CODE_SIGN_STYLE = Automatic;
				CURRENT_PROJECT_VERSION = 1;
				GENERATE_INFOPLIST_FILE = YES;
				IPHONEOS_DEPLOYMENT_TARGET = 16.1;
				MARKETING_VERSION = 1.0;
				PRODUCT_BUNDLE_IDENTIFIER = "ahmed.M-commerce-AppTests";
				PRODUCT_NAME = "$(TARGET_NAME)";
				SWIFT_EMIT_LOC_STRINGS = NO;
				SWIFT_VERSION = 5.0;
				TARGETED_DEVICE_FAMILY = "1,2";
				TEST_HOST = "$(BUILT_PRODUCTS_DIR)/M-commerce-App.app/$(BUNDLE_EXECUTABLE_FOLDER_PATH)/M-commerce-App";
			};
			name = Debug;
		};
		04B477AF2DE3A1A700CC82F8 /* Release */ = {
			isa = XCBuildConfiguration;
			buildSettings = {
				ALWAYS_EMBED_SWIFT_STANDARD_LIBRARIES = YES;
				BUNDLE_LOADER = "$(TEST_HOST)";
				CODE_SIGN_STYLE = Automatic;
				CURRENT_PROJECT_VERSION = 1;
				GENERATE_INFOPLIST_FILE = YES;
				IPHONEOS_DEPLOYMENT_TARGET = 16.1;
				MARKETING_VERSION = 1.0;
				PRODUCT_BUNDLE_IDENTIFIER = "ahmed.M-commerce-AppTests";
				PRODUCT_NAME = "$(TARGET_NAME)";
				SWIFT_EMIT_LOC_STRINGS = NO;
				SWIFT_VERSION = 5.0;
				TARGETED_DEVICE_FAMILY = "1,2";
				TEST_HOST = "$(BUILT_PRODUCTS_DIR)/M-commerce-App.app/$(BUNDLE_EXECUTABLE_FOLDER_PATH)/M-commerce-App";
			};
			name = Release;
		};
		04B477B12DE3A1A700CC82F8 /* Debug */ = {
			isa = XCBuildConfiguration;
			buildSettings = {
				ALWAYS_EMBED_SWIFT_STANDARD_LIBRARIES = YES;
				CODE_SIGN_STYLE = Automatic;
				CURRENT_PROJECT_VERSION = 1;
				GENERATE_INFOPLIST_FILE = YES;
				MARKETING_VERSION = 1.0;
				PRODUCT_BUNDLE_IDENTIFIER = "ahmed.M-commerce-AppUITests";
				PRODUCT_NAME = "$(TARGET_NAME)";
				SWIFT_EMIT_LOC_STRINGS = NO;
				SWIFT_VERSION = 5.0;
				TARGETED_DEVICE_FAMILY = "1,2";
				TEST_TARGET_NAME = "M-commerce-App";
			};
			name = Debug;
		};
		04B477B22DE3A1A700CC82F8 /* Release */ = {
			isa = XCBuildConfiguration;
			buildSettings = {
				ALWAYS_EMBED_SWIFT_STANDARD_LIBRARIES = YES;
				CODE_SIGN_STYLE = Automatic;
				CURRENT_PROJECT_VERSION = 1;
				GENERATE_INFOPLIST_FILE = YES;
				MARKETING_VERSION = 1.0;
				PRODUCT_BUNDLE_IDENTIFIER = "ahmed.M-commerce-AppUITests";
				PRODUCT_NAME = "$(TARGET_NAME)";
				SWIFT_EMIT_LOC_STRINGS = NO;
				SWIFT_VERSION = 5.0;
				TARGETED_DEVICE_FAMILY = "1,2";
				TEST_TARGET_NAME = "M-commerce-App";
			};
			name = Release;
		};
/* End XCBuildConfiguration section */

/* Begin XCConfigurationList section */
		04B4777C2DE3A1A400CC82F8 /* Build configuration list for PBXProject "M-commerce-App" */ = {
			isa = XCConfigurationList;
			buildConfigurations = (
				04B477A82DE3A1A700CC82F8 /* Debug */,
				04B477A92DE3A1A700CC82F8 /* Release */,
			);
			defaultConfigurationIsVisible = 0;
			defaultConfigurationName = Release;
		};
		04B477AA2DE3A1A700CC82F8 /* Build configuration list for PBXNativeTarget "M-commerce-App" */ = {
			isa = XCConfigurationList;
			buildConfigurations = (
				04B477AB2DE3A1A700CC82F8 /* Debug */,
				04B477AC2DE3A1A700CC82F8 /* Release */,
			);
			defaultConfigurationIsVisible = 0;
			defaultConfigurationName = Release;
		};
		04B477AD2DE3A1A700CC82F8 /* Build configuration list for PBXNativeTarget "M-commerce-AppTests" */ = {
			isa = XCConfigurationList;
			buildConfigurations = (
				04B477AE2DE3A1A700CC82F8 /* Debug */,
				04B477AF2DE3A1A700CC82F8 /* Release */,
			);
			defaultConfigurationIsVisible = 0;
			defaultConfigurationName = Release;
		};
		04B477B02DE3A1A700CC82F8 /* Build configuration list for PBXNativeTarget "M-commerce-AppUITests" */ = {
			isa = XCConfigurationList;
			buildConfigurations = (
				04B477B12DE3A1A700CC82F8 /* Debug */,
				04B477B22DE3A1A700CC82F8 /* Release */,
			);
			defaultConfigurationIsVisible = 0;
			defaultConfigurationName = Release;
		};
/* End XCConfigurationList section */

/* Begin XCRemoteSwiftPackageReference section */
		04B23D1D2E044B5500F87FF2 /* XCRemoteSwiftPackageReference "firebase-ios-sdk" */ = {
			isa = XCRemoteSwiftPackageReference;
			repositoryURL = "https://github.com/firebase/firebase-ios-sdk";
			requirement = {
				kind = exactVersion;
				version = 9.6.0;
			};
		};
		04B329212DF9E08D002CE2DD /* XCRemoteSwiftPackageReference "GoogleSignIn-iOS" */ = {
			isa = XCRemoteSwiftPackageReference;
			repositoryURL = "https://github.com/google/GoogleSignIn-iOS";
			requirement = {
				kind = exactVersion;
				version = 7.0.0;
			};
		};
		04D849362DF0CF3400564625 /* XCRemoteSwiftPackageReference "lottie-ios" */ = {
			isa = XCRemoteSwiftPackageReference;
			repositoryURL = "https://github.com/airbnb/lottie-ios";
			requirement = {
				kind = versionRange;
				maximumVersion = 5.0.0;
				minimumVersion = 4.0.0;
			};
		};
/* End XCRemoteSwiftPackageReference section */

/* Begin XCSwiftPackageProductDependency section */
		04B23D1E2E044B5500F87FF2 /* FirebaseAuth */ = {
			isa = XCSwiftPackageProductDependency;
			package = 04B23D1D2E044B5500F87FF2 /* XCRemoteSwiftPackageReference "firebase-ios-sdk" */;
			productName = FirebaseAuth;
		};
		04B23D202E044B5500F87FF2 /* FirebaseFirestore */ = {
			isa = XCSwiftPackageProductDependency;
			package = 04B23D1D2E044B5500F87FF2 /* XCRemoteSwiftPackageReference "firebase-ios-sdk" */;
			productName = FirebaseFirestore;
		};
		04B329222DF9E08D002CE2DD /* GoogleSignIn */ = {
			isa = XCSwiftPackageProductDependency;
			package = 04B329212DF9E08D002CE2DD /* XCRemoteSwiftPackageReference "GoogleSignIn-iOS" */;
			productName = GoogleSignIn;
		};
		04B329242DF9E08D002CE2DD /* GoogleSignInSwift */ = {
			isa = XCSwiftPackageProductDependency;
			package = 04B329212DF9E08D002CE2DD /* XCRemoteSwiftPackageReference "GoogleSignIn-iOS" */;
			productName = GoogleSignInSwift;
		};
		04D849372DF0CF3400564625 /* Lottie */ = {
			isa = XCSwiftPackageProductDependency;
			package = 04D849362DF0CF3400564625 /* XCRemoteSwiftPackageReference "lottie-ios" */;
			productName = Lottie;
		};
		04EE3A902E0757F9007AE876 /* Lottie */ = {
			isa = XCSwiftPackageProductDependency;
			package = 04D849362DF0CF3400564625 /* XCRemoteSwiftPackageReference "lottie-ios" */;
			productName = Lottie;
		};
		04EE3A922E0757FE007AE876 /* GoogleSignIn */ = {
			isa = XCSwiftPackageProductDependency;
			package = 04B329212DF9E08D002CE2DD /* XCRemoteSwiftPackageReference "GoogleSignIn-iOS" */;
			productName = GoogleSignIn;
		};
		04EE3A942E075803007AE876 /* GoogleSignInSwift */ = {
			isa = XCSwiftPackageProductDependency;
			package = 04B329212DF9E08D002CE2DD /* XCRemoteSwiftPackageReference "GoogleSignIn-iOS" */;
			productName = GoogleSignInSwift;
		};
		04EE3A962E07580B007AE876 /* FirebaseAuth */ = {
			isa = XCSwiftPackageProductDependency;
			package = 04B23D1D2E044B5500F87FF2 /* XCRemoteSwiftPackageReference "firebase-ios-sdk" */;
			productName = FirebaseAuth;
		};
		04EE3A982E075819007AE876 /* FirebaseFirestore */ = {
			isa = XCSwiftPackageProductDependency;
			package = 04B23D1D2E044B5500F87FF2 /* XCRemoteSwiftPackageReference "firebase-ios-sdk" */;
			productName = FirebaseFirestore;
		};
/* End XCSwiftPackageProductDependency section */

/* Begin XCVersionGroup section */
		04B4778F2DE3A1A600CC82F8 /* M_commerce_App.xcdatamodeld */ = {
			isa = XCVersionGroup;
			children = (
				04B477902DE3A1A600CC82F8 /* M_commerce_App.xcdatamodel */,
			);
			currentVersion = 04B477902DE3A1A600CC82F8 /* M_commerce_App.xcdatamodel */;
			path = M_commerce_App.xcdatamodeld;
			sourceTree = "<group>";
			versionGroupType = wrapper.xcdatamodel;
		};
/* End XCVersionGroup section */
	};
	rootObject = 04B477792DE3A1A400CC82F8 /* Project object */;
}
